
Microsoft Visual Studio Solution File, Format Version 12.00
# Visual Studio 15
VisualStudioVersion = 15.0.27428.2015
MinimumVisualStudioVersion = 10.0.40219.1
Project("{FAE04EC0-301F-11D3-BF4B-00C04F79EFBC}") = "BEPUphysicsDemos", "BEPUphysicsDemos\BEPUphysicsDemos.csproj", "{D1CB3D50-699C-4A1E-BF09-E5E689E6B853}"
EndProject
Project("{9A19103F-16F7-4668-BE54-9A1E7A4F7556}") = "BEPUutilities", "BEPUutilities\BEPUutilities.csproj", "{34853DEA-43A6-4F2F-A379-D1EE04D256D2}"
EndProject
Project("{9A19103F-16F7-4668-BE54-9A1E7A4F7556}") = "BEPUphysics", "BEPUphysics\BEPUphysics.csproj", "{C0D52C9F-14B8-4008-8DDC-109C27561A5C}"
EndProject
Project("{9A19103F-16F7-4668-BE54-9A1E7A4F7556}") = "BEPUik", "BEPUik\BEPUik.csproj", "{2D5A0344-623A-4BFA-AAB6-8AC64E2A4129}"
EndProject
Project("{FAE04EC0-301F-11D3-BF4B-00C04F79EFBC}") = "ConversionHelper", "ConversionHelper\ConversionHelper.csproj", "{AA264458-F33C-4B6B-90C1-B3209470893B}"
EndProject
Project("{FAE04EC0-301F-11D3-BF4B-00C04F79EFBC}") = "BEPUphysicsDrawer", "BEPUphysicsDrawer\BEPUphysicsDrawer.csproj", "{20CC0765-E7F5-44CB-9B86-EC8CDD1852CE}"
EndProject
Global
	GlobalSection(SolutionConfigurationPlatforms) = preSolution
		Debug|Any CPU = Debug|Any CPU
		Debug|x64 = Debug|x64
		Debug|x86 = Debug|x86
		Release|Any CPU = Release|Any CPU
		Release|x64 = Release|x64
		Release|x86 = Release|x86
	EndGlobalSection
	GlobalSection(ProjectConfigurationPlatforms) = postSolution
		{D1CB3D50-699C-4A1E-BF09-E5E689E6B853}.Debug|Any CPU.ActiveCfg = Debug|Any CPU
		{D1CB3D50-699C-4A1E-BF09-E5E689E6B853}.Debug|Any CPU.Build.0 = Debug|Any CPU
		{D1CB3D50-699C-4A1E-BF09-E5E689E6B853}.Debug|x64.ActiveCfg = Debug|x64
		{D1CB3D50-699C-4A1E-BF09-E5E689E6B853}.Debug|x64.Build.0 = Debug|x64
		{D1CB3D50-699C-4A1E-BF09-E5E689E6B853}.Debug|x86.ActiveCfg = Debug|x86
		{D1CB3D50-699C-4A1E-BF09-E5E689E6B853}.Debug|x86.Build.0 = Debug|x86
		{D1CB3D50-699C-4A1E-BF09-E5E689E6B853}.Release|Any CPU.ActiveCfg = Release|Any CPU
		{D1CB3D50-699C-4A1E-BF09-E5E689E6B853}.Release|Any CPU.Build.0 = Release|Any CPU
		{D1CB3D50-699C-4A1E-BF09-E5E689E6B853}.Release|x64.ActiveCfg = Release|x64
		{D1CB3D50-699C-4A1E-BF09-E5E689E6B853}.Release|x64.Build.0 = Release|x64
		{D1CB3D50-699C-4A1E-BF09-E5E689E6B853}.Release|x86.ActiveCfg = Release|x86
		{D1CB3D50-699C-4A1E-BF09-E5E689E6B853}.Release|x86.Build.0 = Release|x86
		{34853DEA-43A6-4F2F-A379-D1EE04D256D2}.Debug|Any CPU.ActiveCfg = Debug|Any CPU
		{34853DEA-43A6-4F2F-A379-D1EE04D256D2}.Debug|Any CPU.Build.0 = Debug|Any CPU
		{34853DEA-43A6-4F2F-A379-D1EE04D256D2}.Debug|x64.ActiveCfg = Debug|x64
		{34853DEA-43A6-4F2F-A379-D1EE04D256D2}.Debug|x64.Build.0 = Debug|x64
		{34853DEA-43A6-4F2F-A379-D1EE04D256D2}.Debug|x86.ActiveCfg = Debug|x86
		{34853DEA-43A6-4F2F-A379-D1EE04D256D2}.Debug|x86.Build.0 = Debug|x86
		{34853DEA-43A6-4F2F-A379-D1EE04D256D2}.Release|Any CPU.ActiveCfg = Release|Any CPU
		{34853DEA-43A6-4F2F-A379-D1EE04D256D2}.Release|Any CPU.Build.0 = Release|Any CPU
		{34853DEA-43A6-4F2F-A379-D1EE04D256D2}.Release|x64.ActiveCfg = Release|x64
		{34853DEA-43A6-4F2F-A379-D1EE04D256D2}.Release|x64.Build.0 = Release|x64
		{34853DEA-43A6-4F2F-A379-D1EE04D256D2}.Release|x86.ActiveCfg = Release|x86
		{34853DEA-43A6-4F2F-A379-D1EE04D256D2}.Release|x86.Build.0 = Release|x86
		{C0D52C9F-14B8-4008-8DDC-109C27561A5C}.Debug|Any CPU.ActiveCfg = Debug|Any CPU
		{C0D52C9F-14B8-4008-8DDC-109C27561A5C}.Debug|Any CPU.Build.0 = Debug|Any CPU
		{C0D52C9F-14B8-4008-8DDC-109C27561A5C}.Debug|x64.ActiveCfg = Debug|x64
		{C0D52C9F-14B8-4008-8DDC-109C27561A5C}.Debug|x64.Build.0 = Debug|x64
		{C0D52C9F-14B8-4008-8DDC-109C27561A5C}.Debug|x86.ActiveCfg = Debug|x86
		{C0D52C9F-14B8-4008-8DDC-109C27561A5C}.Debug|x86.Build.0 = Debug|x86
		{C0D52C9F-14B8-4008-8DDC-109C27561A5C}.Release|Any CPU.ActiveCfg = Release|Any CPU
		{C0D52C9F-14B8-4008-8DDC-109C27561A5C}.Release|Any CPU.Build.0 = Release|Any CPU
		{C0D52C9F-14B8-4008-8DDC-109C27561A5C}.Release|x64.ActiveCfg = Release|x64
		{C0D52C9F-14B8-4008-8DDC-109C27561A5C}.Release|x64.Build.0 = Release|x64
		{C0D52C9F-14B8-4008-8DDC-109C27561A5C}.Release|x86.ActiveCfg = Release|x86
		{C0D52C9F-14B8-4008-8DDC-109C27561A5C}.Release|x86.Build.0 = Release|x86
		{2D5A0344-623A-4BFA-AAB6-8AC64E2A4129}.Debug|Any CPU.ActiveCfg = Debug|Any CPU
		{2D5A0344-623A-4BFA-AAB6-8AC64E2A4129}.Debug|Any CPU.Build.0 = Debug|Any CPU
		{2D5A0344-623A-4BFA-AAB6-8AC64E2A4129}.Debug|x64.ActiveCfg = Debug|x64
		{2D5A0344-623A-4BFA-AAB6-8AC64E2A4129}.Debug|x64.Build.0 = Debug|x64
		{2D5A0344-623A-4BFA-AAB6-8AC64E2A4129}.Debug|x86.ActiveCfg = Debug|x86
		{2D5A0344-623A-4BFA-AAB6-8AC64E2A4129}.Debug|x86.Build.0 = Debug|x86
		{2D5A0344-623A-4BFA-AAB6-8AC64E2A4129}.Release|Any CPU.ActiveCfg = Release|Any CPU
		{2D5A0344-623A-4BFA-AAB6-8AC64E2A4129}.Release|Any CPU.Build.0 = Release|Any CPU
		{2D5A0344-623A-4BFA-AAB6-8AC64E2A4129}.Release|x64.ActiveCfg = Release|x64
		{2D5A0344-623A-4BFA-AAB6-8AC64E2A4129}.Release|x64.Build.0 = Release|x64
		{2D5A0344-623A-4BFA-AAB6-8AC64E2A4129}.Release|x86.ActiveCfg = Release|x86
		{2D5A0344-623A-4BFA-AAB6-8AC64E2A4129}.Release|x86.Build.0 = Release|x86
		{AA264458-F33C-4B6B-90C1-B3209470893B}.Debug|Any CPU.ActiveCfg = Debug|Any CPU
		{AA264458-F33C-4B6B-90C1-B3209470893B}.Debug|Any CPU.Build.0 = Debug|Any CPU
		{AA264458-F33C-4B6B-90C1-B3209470893B}.Debug|x64.ActiveCfg = Debug|x64
		{AA264458-F33C-4B6B-90C1-B3209470893B}.Debug|x64.Build.0 = Debug|x64
		{AA264458-F33C-4B6B-90C1-B3209470893B}.Debug|x86.ActiveCfg = Debug|x86
		{AA264458-F33C-4B6B-90C1-B3209470893B}.Debug|x86.Build.0 = Debug|x86
		{AA264458-F33C-4B6B-90C1-B3209470893B}.Release|Any CPU.ActiveCfg = Release|Any CPU
		{AA264458-F33C-4B6B-90C1-B3209470893B}.Release|Any CPU.Build.0 = Release|Any CPU
		{AA264458-F33C-4B6B-90C1-B3209470893B}.Release|x64.ActiveCfg = Release|x64
		{AA264458-F33C-4B6B-90C1-B3209470893B}.Release|x64.Build.0 = Release|x64
		{AA264458-F33C-4B6B-90C1-B3209470893B}.Release|x86.ActiveCfg = Release|x86
		{AA264458-F33C-4B6B-90C1-B3209470893B}.Release|x86.Build.0 = Release|x86
		{20CC0765-E7F5-44CB-9B86-EC8CDD1852CE}.Debug|Any CPU.ActiveCfg = Debug|Any CPU
		{20CC0765-E7F5-44CB-9B86-EC8CDD1852CE}.Debug|Any CPU.Build.0 = Debug|Any CPU
		{20CC0765-E7F5-44CB-9B86-EC8CDD1852CE}.Debug|x64.ActiveCfg = Debug|x64
		{20CC0765-E7F5-44CB-9B86-EC8CDD1852CE}.Debug|x64.Build.0 = Debug|x64
		{20CC0765-E7F5-44CB-9B86-EC8CDD1852CE}.Debug|x86.ActiveCfg = Debug|x86
		{20CC0765-E7F5-44CB-9B86-EC8CDD1852CE}.Debug|x86.Build.0 = Debug|x86
		{20CC0765-E7F5-44CB-9B86-EC8CDD1852CE}.Release|Any CPU.ActiveCfg = Release|Any CPU
		{20CC0765-E7F5-44CB-9B86-EC8CDD1852CE}.Release|Any CPU.Build.0 = Release|Any CPU
		{20CC0765-E7F5-44CB-9B86-EC8CDD1852CE}.Release|x64.ActiveCfg = Release|x64
		{20CC0765-E7F5-44CB-9B86-EC8CDD1852CE}.Release|x64.Build.0 = Release|x64
		{20CC0765-E7F5-44CB-9B86-EC8CDD1852CE}.Release|x86.ActiveCfg = Release|x86
		{20CC0765-E7F5-44CB-9B86-EC8CDD1852CE}.Release|x86.Build.0 = Release|x86
	EndGlobalSection
	GlobalSection(SolutionProperties) = preSolution
		HideSolutionNode = FALSE
	EndGlobalSection
	GlobalSection(ExtensibilityGlobals) = postSolution
		SolutionGuid = {B0BAF666-43AF-4F15-980C-3079E5135869}
	EndGlobalSection
EndGlobal
