
Microsoft Visual Studio Solution File, Format Version 11.00
# Visual Studio 2010
Project("{FAE04EC0-301F-11D3-BF4B-00C04F79EFBC}") = "BEPUphysicsDemos", "BEPUphysicsDemos\BEPUphysicsDemos\BEPUphysicsDemos.csproj", "{0D3EB325-A4DE-4009-852B-B92AEDB9503A}"
EndProject
Project("{FAE04EC0-301F-11D3-BF4B-00C04F79EFBC}") = "BEPUphysicsDemosContent", "BEPUphysicsDemos\BEPUphysicsDemosContent\BEPUphysicsDemosContent.contentproj", "{1D5E29E3-772E-419C-916C-0E755384B16A}"
EndProject
Project("{FAE04EC0-301F-11D3-BF4B-00C04F79EFBC}") = "BEPUphysicsDrawer", "BEPUphysicsDrawer\BEPUphysicsDrawer.csproj", "{A7931B1B-6BF4-43C5-B924-6AEB732243BA}"
EndProject
Project("{FAE04EC0-301F-11D3-BF4B-00C04F79EFBC}") = "ConversionHelper", "ConversionHelper\ConversionHelper.csproj", "{BB5BF3E0-DD34-44D4-86FB-F336BB4720CA}"
EndProject
Project("{FAE04EC0-301F-11D3-BF4B-00C04F79EFBC}") = "BEPUphysics", "BEPUphysics\BEPUphysics.csproj", "{C0D52C9F-14B8-4008-8DDC-109C27561A5C}"
EndProject
Project("{FAE04EC0-301F-11D3-BF4B-00C04F79EFBC}") = "BEPUutilities", "BEPUutilities\BEPUutilities.csproj", "{34853DEA-43A6-4F2F-A379-D1EE04D256D2}"
EndProject
Project("{FAE04EC0-301F-11D3-BF4B-00C04F79EFBC}") = "BEPUphysicsDemosMono", "BEPUphysicsDemosMono\BEPUphysicsDemosMono.csproj", "{E969FD7C-E928-4C1A-B68F-ADF35048E93F}"
EndProject
Project("{FAE04EC0-301F-11D3-BF4B-00C04F79EFBC}") = "MeshProcessor", "MeshProcessor\MeshProcessor.csproj", "{0C1D7CB7-85B3-4208-B0AF-F15251A08C59}"
EndProject
Global
	GlobalSection(SolutionConfigurationPlatforms) = preSolution
		Android|Any CPU = Android|Any CPU
		Android|Mixed Platforms = Android|Mixed Platforms
		Android|x64 = Android|x64
		Android|x86 = Android|x86
		Debug|Any CPU = Debug|Any CPU
		Debug|Mixed Platforms = Debug|Mixed Platforms
		Debug|x64 = Debug|x64
		Debug|x86 = Debug|x86
		iOS|Any CPU = iOS|Any CPU
		iOS|Mixed Platforms = iOS|Mixed Platforms
		iOS|x64 = iOS|x64
		iOS|x86 = iOS|x86
		Linux|Any CPU = Linux|Any CPU
		Linux|Mixed Platforms = Linux|Mixed Platforms
		Linux|x64 = Linux|x64
		Linux|x86 = Linux|x86
		OSX|Any CPU = OSX|Any CPU
		OSX|Mixed Platforms = OSX|Mixed Platforms
		OSX|x64 = OSX|x64
		OSX|x86 = OSX|x86
		PSM|Any CPU = PSM|Any CPU
		PSM|Mixed Platforms = PSM|Mixed Platforms
		PSM|x64 = PSM|x64
		PSM|x86 = PSM|x86
		Release|Any CPU = Release|Any CPU
		Release|Mixed Platforms = Release|Mixed Platforms
		Release|x64 = Release|x64
		Release|x86 = Release|x86
		Windows|Any CPU = Windows|Any CPU
		Windows|Mixed Platforms = Windows|Mixed Platforms
		Windows|x64 = Windows|x64
		Windows|x86 = Windows|x86
		Windows8|Any CPU = Windows8|Any CPU
		Windows8|Mixed Platforms = Windows8|Mixed Platforms
		Windows8|x64 = Windows8|x64
		Windows8|x86 = Windows8|x86
	EndGlobalSection
	GlobalSection(ProjectConfigurationPlatforms) = postSolution
		{0D3EB325-A4DE-4009-852B-B92AEDB9503A}.Android|Any CPU.ActiveCfg = Release|x86
		{0D3EB325-A4DE-4009-852B-B92AEDB9503A}.Android|Mixed Platforms.ActiveCfg = Release|x86
		{0D3EB325-A4DE-4009-852B-B92AEDB9503A}.Android|Mixed Platforms.Build.0 = Release|x86
		{0D3EB325-A4DE-4009-852B-B92AEDB9503A}.Android|x64.ActiveCfg = Release|x86
		{0D3EB325-A4DE-4009-852B-B92AEDB9503A}.Android|x86.ActiveCfg = Release|x86
		{0D3EB325-A4DE-4009-852B-B92AEDB9503A}.Android|x86.Build.0 = Release|x86
		{0D3EB325-A4DE-4009-852B-B92AEDB9503A}.Debug|Any CPU.ActiveCfg = Debug|x86
		{0D3EB325-A4DE-4009-852B-B92AEDB9503A}.Debug|Any CPU.Build.0 = Debug|x86
		{0D3EB325-A4DE-4009-852B-B92AEDB9503A}.Debug|Mixed Platforms.ActiveCfg = Debug|x86
		{0D3EB325-A4DE-4009-852B-B92AEDB9503A}.Debug|Mixed Platforms.Build.0 = Debug|x86
		{0D3EB325-A4DE-4009-852B-B92AEDB9503A}.Debug|x64.ActiveCfg = Debug|x86
		{0D3EB325-A4DE-4009-852B-B92AEDB9503A}.Debug|x64.Build.0 = Debug|x86
		{0D3EB325-A4DE-4009-852B-B92AEDB9503A}.Debug|x86.ActiveCfg = Debug|x86
		{0D3EB325-A4DE-4009-852B-B92AEDB9503A}.Debug|x86.Build.0 = Debug|x86
		{0D3EB325-A4DE-4009-852B-B92AEDB9503A}.iOS|Any CPU.ActiveCfg = Release|x86
		{0D3EB325-A4DE-4009-852B-B92AEDB9503A}.iOS|Mixed Platforms.ActiveCfg = Release|x86
		{0D3EB325-A4DE-4009-852B-B92AEDB9503A}.iOS|Mixed Platforms.Build.0 = Release|x86
		{0D3EB325-A4DE-4009-852B-B92AEDB9503A}.iOS|x64.ActiveCfg = Release|x86
		{0D3EB325-A4DE-4009-852B-B92AEDB9503A}.iOS|x86.ActiveCfg = Release|x86
		{0D3EB325-A4DE-4009-852B-B92AEDB9503A}.iOS|x86.Build.0 = Release|x86
		{0D3EB325-A4DE-4009-852B-B92AEDB9503A}.Linux|Any CPU.ActiveCfg = Release|x86
		{0D3EB325-A4DE-4009-852B-B92AEDB9503A}.Linux|Mixed Platforms.ActiveCfg = Release|x86
		{0D3EB325-A4DE-4009-852B-B92AEDB9503A}.Linux|Mixed Platforms.Build.0 = Release|x86
		{0D3EB325-A4DE-4009-852B-B92AEDB9503A}.Linux|x64.ActiveCfg = Release|x86
		{0D3EB325-A4DE-4009-852B-B92AEDB9503A}.Linux|x86.ActiveCfg = Release|x86
		{0D3EB325-A4DE-4009-852B-B92AEDB9503A}.Linux|x86.Build.0 = Release|x86
		{0D3EB325-A4DE-4009-852B-B92AEDB9503A}.OSX|Any CPU.ActiveCfg = Release|x86
		{0D3EB325-A4DE-4009-852B-B92AEDB9503A}.OSX|Mixed Platforms.ActiveCfg = Release|x86
		{0D3EB325-A4DE-4009-852B-B92AEDB9503A}.OSX|Mixed Platforms.Build.0 = Release|x86
		{0D3EB325-A4DE-4009-852B-B92AEDB9503A}.OSX|x64.ActiveCfg = Release|x86
		{0D3EB325-A4DE-4009-852B-B92AEDB9503A}.OSX|x86.ActiveCfg = Release|x86
		{0D3EB325-A4DE-4009-852B-B92AEDB9503A}.OSX|x86.Build.0 = Release|x86
		{0D3EB325-A4DE-4009-852B-B92AEDB9503A}.PSM|Any CPU.ActiveCfg = Release|x86
		{0D3EB325-A4DE-4009-852B-B92AEDB9503A}.PSM|Mixed Platforms.ActiveCfg = Release|x86
		{0D3EB325-A4DE-4009-852B-B92AEDB9503A}.PSM|Mixed Platforms.Build.0 = Release|x86
		{0D3EB325-A4DE-4009-852B-B92AEDB9503A}.PSM|x64.ActiveCfg = Release|x86
		{0D3EB325-A4DE-4009-852B-B92AEDB9503A}.PSM|x86.ActiveCfg = Release|x86
		{0D3EB325-A4DE-4009-852B-B92AEDB9503A}.PSM|x86.Build.0 = Release|x86
		{0D3EB325-A4DE-4009-852B-B92AEDB9503A}.Release|Any CPU.ActiveCfg = Release|x86
		{0D3EB325-A4DE-4009-852B-B92AEDB9503A}.Release|Mixed Platforms.ActiveCfg = Release|x86
		{0D3EB325-A4DE-4009-852B-B92AEDB9503A}.Release|Mixed Platforms.Build.0 = Release|x86
		{0D3EB325-A4DE-4009-852B-B92AEDB9503A}.Release|x64.ActiveCfg = Release|x86
		{0D3EB325-A4DE-4009-852B-B92AEDB9503A}.Release|x86.ActiveCfg = Release|x86
		{0D3EB325-A4DE-4009-852B-B92AEDB9503A}.Release|x86.Build.0 = Release|x86
		{0D3EB325-A4DE-4009-852B-B92AEDB9503A}.Windows|Any CPU.ActiveCfg = Release|x86
		{0D3EB325-A4DE-4009-852B-B92AEDB9503A}.Windows|Mixed Platforms.ActiveCfg = Release|x86
		{0D3EB325-A4DE-4009-852B-B92AEDB9503A}.Windows|Mixed Platforms.Build.0 = Release|x86
		{0D3EB325-A4DE-4009-852B-B92AEDB9503A}.Windows|x64.ActiveCfg = Release|x86
		{0D3EB325-A4DE-4009-852B-B92AEDB9503A}.Windows|x86.ActiveCfg = Release|x86
		{0D3EB325-A4DE-4009-852B-B92AEDB9503A}.Windows|x86.Build.0 = Release|x86
		{0D3EB325-A4DE-4009-852B-B92AEDB9503A}.Windows8|Any CPU.ActiveCfg = Release|x86
		{0D3EB325-A4DE-4009-852B-B92AEDB9503A}.Windows8|Mixed Platforms.ActiveCfg = Release|x86
		{0D3EB325-A4DE-4009-852B-B92AEDB9503A}.Windows8|Mixed Platforms.Build.0 = Release|x86
		{0D3EB325-A4DE-4009-852B-B92AEDB9503A}.Windows8|x64.ActiveCfg = Release|x86
		{0D3EB325-A4DE-4009-852B-B92AEDB9503A}.Windows8|x86.ActiveCfg = Release|x86
		{0D3EB325-A4DE-4009-852B-B92AEDB9503A}.Windows8|x86.Build.0 = Release|x86
		{1D5E29E3-772E-419C-916C-0E755384B16A}.Android|Any CPU.ActiveCfg = Debug|Any CPU
		{1D5E29E3-772E-419C-916C-0E755384B16A}.Android|Mixed Platforms.ActiveCfg = Debug|Any CPU
		{1D5E29E3-772E-419C-916C-0E755384B16A}.Android|x64.ActiveCfg = Debug|Any CPU
		{1D5E29E3-772E-419C-916C-0E755384B16A}.Android|x86.ActiveCfg = Debug|Any CPU
		{1D5E29E3-772E-419C-916C-0E755384B16A}.Debug|Any CPU.ActiveCfg = Debug|Any CPU
		{1D5E29E3-772E-419C-916C-0E755384B16A}.Debug|Mixed Platforms.ActiveCfg = Debug|Any CPU
		{1D5E29E3-772E-419C-916C-0E755384B16A}.Debug|x64.ActiveCfg = Debug|Any CPU
		{1D5E29E3-772E-419C-916C-0E755384B16A}.Debug|x86.ActiveCfg = Debug|Any CPU
		{1D5E29E3-772E-419C-916C-0E755384B16A}.iOS|Any CPU.ActiveCfg = Debug|Any CPU
		{1D5E29E3-772E-419C-916C-0E755384B16A}.iOS|Mixed Platforms.ActiveCfg = Debug|Any CPU
		{1D5E29E3-772E-419C-916C-0E755384B16A}.iOS|x64.ActiveCfg = Debug|Any CPU
		{1D5E29E3-772E-419C-916C-0E755384B16A}.iOS|x86.ActiveCfg = Debug|Any CPU
		{1D5E29E3-772E-419C-916C-0E755384B16A}.Linux|Any CPU.ActiveCfg = Debug|Any CPU
		{1D5E29E3-772E-419C-916C-0E755384B16A}.Linux|Mixed Platforms.ActiveCfg = Debug|Any CPU
		{1D5E29E3-772E-419C-916C-0E755384B16A}.Linux|x64.ActiveCfg = Debug|Any CPU
		{1D5E29E3-772E-419C-916C-0E755384B16A}.Linux|x86.ActiveCfg = Debug|Any CPU
		{1D5E29E3-772E-419C-916C-0E755384B16A}.OSX|Any CPU.ActiveCfg = Debug|Any CPU
		{1D5E29E3-772E-419C-916C-0E755384B16A}.OSX|Mixed Platforms.ActiveCfg = Debug|Any CPU
		{1D5E29E3-772E-419C-916C-0E755384B16A}.OSX|x64.ActiveCfg = Debug|Any CPU
		{1D5E29E3-772E-419C-916C-0E755384B16A}.OSX|x86.ActiveCfg = Debug|Any CPU
		{1D5E29E3-772E-419C-916C-0E755384B16A}.PSM|Any CPU.ActiveCfg = Debug|Any CPU
		{1D5E29E3-772E-419C-916C-0E755384B16A}.PSM|Mixed Platforms.ActiveCfg = Debug|Any CPU
		{1D5E29E3-772E-419C-916C-0E755384B16A}.PSM|x64.ActiveCfg = Debug|Any CPU
		{1D5E29E3-772E-419C-916C-0E755384B16A}.PSM|x86.ActiveCfg = Debug|Any CPU
		{1D5E29E3-772E-419C-916C-0E755384B16A}.Release|Any CPU.ActiveCfg = Debug|Any CPU
		{1D5E29E3-772E-419C-916C-0E755384B16A}.Release|Mixed Platforms.ActiveCfg = Debug|Any CPU
		{1D5E29E3-772E-419C-916C-0E755384B16A}.Release|x64.ActiveCfg = Debug|Any CPU
		{1D5E29E3-772E-419C-916C-0E755384B16A}.Release|x86.ActiveCfg = Debug|Any CPU
		{1D5E29E3-772E-419C-916C-0E755384B16A}.Windows|Any CPU.ActiveCfg = Debug|Any CPU
		{1D5E29E3-772E-419C-916C-0E755384B16A}.Windows|Mixed Platforms.ActiveCfg = Debug|Any CPU
		{1D5E29E3-772E-419C-916C-0E755384B16A}.Windows|x64.ActiveCfg = Debug|Any CPU
		{1D5E29E3-772E-419C-916C-0E755384B16A}.Windows|x86.ActiveCfg = Debug|Any CPU
		{1D5E29E3-772E-419C-916C-0E755384B16A}.Windows8|Any CPU.ActiveCfg = Debug|Any CPU
		{1D5E29E3-772E-419C-916C-0E755384B16A}.Windows8|Mixed Platforms.ActiveCfg = Debug|Any CPU
		{1D5E29E3-772E-419C-916C-0E755384B16A}.Windows8|x64.ActiveCfg = Debug|Any CPU
		{1D5E29E3-772E-419C-916C-0E755384B16A}.Windows8|x86.ActiveCfg = Debug|Any CPU
		{A7931B1B-6BF4-43C5-B924-6AEB732243BA}.Android|Any CPU.ActiveCfg = Release|x86
		{A7931B1B-6BF4-43C5-B924-6AEB732243BA}.Android|Mixed Platforms.ActiveCfg = Release|x86
		{A7931B1B-6BF4-43C5-B924-6AEB732243BA}.Android|Mixed Platforms.Build.0 = Release|x86
		{A7931B1B-6BF4-43C5-B924-6AEB732243BA}.Android|x64.ActiveCfg = Release|x86
		{A7931B1B-6BF4-43C5-B924-6AEB732243BA}.Android|x86.ActiveCfg = Release|x86
		{A7931B1B-6BF4-43C5-B924-6AEB732243BA}.Android|x86.Build.0 = Release|x86
		{A7931B1B-6BF4-43C5-B924-6AEB732243BA}.Debug|Any CPU.ActiveCfg = Debug|x86
		{A7931B1B-6BF4-43C5-B924-6AEB732243BA}.Debug|Any CPU.Build.0 = Debug|x86
		{A7931B1B-6BF4-43C5-B924-6AEB732243BA}.Debug|Mixed Platforms.ActiveCfg = Debug|x86
		{A7931B1B-6BF4-43C5-B924-6AEB732243BA}.Debug|Mixed Platforms.Build.0 = Debug|x86
		{A7931B1B-6BF4-43C5-B924-6AEB732243BA}.Debug|x64.ActiveCfg = Debug|x86
		{A7931B1B-6BF4-43C5-B924-6AEB732243BA}.Debug|x64.Build.0 = Debug|x86
		{A7931B1B-6BF4-43C5-B924-6AEB732243BA}.Debug|x86.ActiveCfg = Debug|x86
		{A7931B1B-6BF4-43C5-B924-6AEB732243BA}.Debug|x86.Build.0 = Debug|x86
		{A7931B1B-6BF4-43C5-B924-6AEB732243BA}.iOS|Any CPU.ActiveCfg = Release|x86
		{A7931B1B-6BF4-43C5-B924-6AEB732243BA}.iOS|Mixed Platforms.ActiveCfg = Release|x86
		{A7931B1B-6BF4-43C5-B924-6AEB732243BA}.iOS|Mixed Platforms.Build.0 = Release|x86
		{A7931B1B-6BF4-43C5-B924-6AEB732243BA}.iOS|x64.ActiveCfg = Release|x86
		{A7931B1B-6BF4-43C5-B924-6AEB732243BA}.iOS|x86.ActiveCfg = Release|x86
		{A7931B1B-6BF4-43C5-B924-6AEB732243BA}.iOS|x86.Build.0 = Release|x86
		{A7931B1B-6BF4-43C5-B924-6AEB732243BA}.Linux|Any CPU.ActiveCfg = Release|x86
		{A7931B1B-6BF4-43C5-B924-6AEB732243BA}.Linux|Mixed Platforms.ActiveCfg = Release|x86
		{A7931B1B-6BF4-43C5-B924-6AEB732243BA}.Linux|Mixed Platforms.Build.0 = Release|x86
		{A7931B1B-6BF4-43C5-B924-6AEB732243BA}.Linux|x64.ActiveCfg = Release|x86
		{A7931B1B-6BF4-43C5-B924-6AEB732243BA}.Linux|x86.ActiveCfg = Release|x86
		{A7931B1B-6BF4-43C5-B924-6AEB732243BA}.Linux|x86.Build.0 = Release|x86
		{A7931B1B-6BF4-43C5-B924-6AEB732243BA}.OSX|Any CPU.ActiveCfg = Release|x86
		{A7931B1B-6BF4-43C5-B924-6AEB732243BA}.OSX|Mixed Platforms.ActiveCfg = Release|x86
		{A7931B1B-6BF4-43C5-B924-6AEB732243BA}.OSX|Mixed Platforms.Build.0 = Release|x86
		{A7931B1B-6BF4-43C5-B924-6AEB732243BA}.OSX|x64.ActiveCfg = Release|x86
		{A7931B1B-6BF4-43C5-B924-6AEB732243BA}.OSX|x86.ActiveCfg = Release|x86
		{A7931B1B-6BF4-43C5-B924-6AEB732243BA}.OSX|x86.Build.0 = Release|x86
		{A7931B1B-6BF4-43C5-B924-6AEB732243BA}.PSM|Any CPU.ActiveCfg = Release|x86
		{A7931B1B-6BF4-43C5-B924-6AEB732243BA}.PSM|Mixed Platforms.ActiveCfg = Release|x86
		{A7931B1B-6BF4-43C5-B924-6AEB732243BA}.PSM|Mixed Platforms.Build.0 = Release|x86
		{A7931B1B-6BF4-43C5-B924-6AEB732243BA}.PSM|x64.ActiveCfg = Release|x86
		{A7931B1B-6BF4-43C5-B924-6AEB732243BA}.PSM|x86.ActiveCfg = Release|x86
		{A7931B1B-6BF4-43C5-B924-6AEB732243BA}.PSM|x86.Build.0 = Release|x86
		{A7931B1B-6BF4-43C5-B924-6AEB732243BA}.Release|Any CPU.ActiveCfg = Release|x86
		{A7931B1B-6BF4-43C5-B924-6AEB732243BA}.Release|Mixed Platforms.ActiveCfg = Release|x86
		{A7931B1B-6BF4-43C5-B924-6AEB732243BA}.Release|Mixed Platforms.Build.0 = Release|x86
		{A7931B1B-6BF4-43C5-B924-6AEB732243BA}.Release|x64.ActiveCfg = Release|x86
		{A7931B1B-6BF4-43C5-B924-6AEB732243BA}.Release|x86.ActiveCfg = Release|x86
		{A7931B1B-6BF4-43C5-B924-6AEB732243BA}.Release|x86.Build.0 = Release|x86
		{A7931B1B-6BF4-43C5-B924-6AEB732243BA}.Windows|Any CPU.ActiveCfg = Release|x86
		{A7931B1B-6BF4-43C5-B924-6AEB732243BA}.Windows|Mixed Platforms.ActiveCfg = Release|x86
		{A7931B1B-6BF4-43C5-B924-6AEB732243BA}.Windows|Mixed Platforms.Build.0 = Release|x86
		{A7931B1B-6BF4-43C5-B924-6AEB732243BA}.Windows|x64.ActiveCfg = Release|x86
		{A7931B1B-6BF4-43C5-B924-6AEB732243BA}.Windows|x86.ActiveCfg = Release|x86
		{A7931B1B-6BF4-43C5-B924-6AEB732243BA}.Windows|x86.Build.0 = Release|x86
		{A7931B1B-6BF4-43C5-B924-6AEB732243BA}.Windows8|Any CPU.ActiveCfg = Release|x86
		{A7931B1B-6BF4-43C5-B924-6AEB732243BA}.Windows8|Mixed Platforms.ActiveCfg = Release|x86
		{A7931B1B-6BF4-43C5-B924-6AEB732243BA}.Windows8|Mixed Platforms.Build.0 = Release|x86
		{A7931B1B-6BF4-43C5-B924-6AEB732243BA}.Windows8|x64.ActiveCfg = Release|x86
		{A7931B1B-6BF4-43C5-B924-6AEB732243BA}.Windows8|x86.ActiveCfg = Release|x86
		{A7931B1B-6BF4-43C5-B924-6AEB732243BA}.Windows8|x86.Build.0 = Release|x86
		{BB5BF3E0-DD34-44D4-86FB-F336BB4720CA}.Android|Any CPU.ActiveCfg = Release|x86
		{BB5BF3E0-DD34-44D4-86FB-F336BB4720CA}.Android|Mixed Platforms.ActiveCfg = Release|x86
		{BB5BF3E0-DD34-44D4-86FB-F336BB4720CA}.Android|Mixed Platforms.Build.0 = Release|x86
		{BB5BF3E0-DD34-44D4-86FB-F336BB4720CA}.Android|x64.ActiveCfg = Release|x86
		{BB5BF3E0-DD34-44D4-86FB-F336BB4720CA}.Android|x86.ActiveCfg = Release|x86
		{BB5BF3E0-DD34-44D4-86FB-F336BB4720CA}.Android|x86.Build.0 = Release|x86
		{BB5BF3E0-DD34-44D4-86FB-F336BB4720CA}.Debug|Any CPU.ActiveCfg = Debug|x86
		{BB5BF3E0-DD34-44D4-86FB-F336BB4720CA}.Debug|Any CPU.Build.0 = Debug|x86
		{BB5BF3E0-DD34-44D4-86FB-F336BB4720CA}.Debug|Mixed Platforms.ActiveCfg = Debug|x86
		{BB5BF3E0-DD34-44D4-86FB-F336BB4720CA}.Debug|Mixed Platforms.Build.0 = Debug|x86
		{BB5BF3E0-DD34-44D4-86FB-F336BB4720CA}.Debug|x64.ActiveCfg = Debug|x86
		{BB5BF3E0-DD34-44D4-86FB-F336BB4720CA}.Debug|x64.Build.0 = Debug|x86
		{BB5BF3E0-DD34-44D4-86FB-F336BB4720CA}.Debug|x86.ActiveCfg = Debug|x86
		{BB5BF3E0-DD34-44D4-86FB-F336BB4720CA}.Debug|x86.Build.0 = Debug|x86
		{BB5BF3E0-DD34-44D4-86FB-F336BB4720CA}.iOS|Any CPU.ActiveCfg = Release|x86
		{BB5BF3E0-DD34-44D4-86FB-F336BB4720CA}.iOS|Mixed Platforms.ActiveCfg = Release|x86
		{BB5BF3E0-DD34-44D4-86FB-F336BB4720CA}.iOS|Mixed Platforms.Build.0 = Release|x86
		{BB5BF3E0-DD34-44D4-86FB-F336BB4720CA}.iOS|x64.ActiveCfg = Release|x86
		{BB5BF3E0-DD34-44D4-86FB-F336BB4720CA}.iOS|x86.ActiveCfg = Release|x86
		{BB5BF3E0-DD34-44D4-86FB-F336BB4720CA}.iOS|x86.Build.0 = Release|x86
		{BB5BF3E0-DD34-44D4-86FB-F336BB4720CA}.Linux|Any CPU.ActiveCfg = Release|x86
		{BB5BF3E0-DD34-44D4-86FB-F336BB4720CA}.Linux|Mixed Platforms.ActiveCfg = Release|x86
		{BB5BF3E0-DD34-44D4-86FB-F336BB4720CA}.Linux|Mixed Platforms.Build.0 = Release|x86
		{BB5BF3E0-DD34-44D4-86FB-F336BB4720CA}.Linux|x64.ActiveCfg = Release|x86
		{BB5BF3E0-DD34-44D4-86FB-F336BB4720CA}.Linux|x86.ActiveCfg = Release|x86
		{BB5BF3E0-DD34-44D4-86FB-F336BB4720CA}.Linux|x86.Build.0 = Release|x86
		{BB5BF3E0-DD34-44D4-86FB-F336BB4720CA}.OSX|Any CPU.ActiveCfg = Release|x86
		{BB5BF3E0-DD34-44D4-86FB-F336BB4720CA}.OSX|Mixed Platforms.ActiveCfg = Release|x86
		{BB5BF3E0-DD34-44D4-86FB-F336BB4720CA}.OSX|Mixed Platforms.Build.0 = Release|x86
		{BB5BF3E0-DD34-44D4-86FB-F336BB4720CA}.OSX|x64.ActiveCfg = Release|x86
		{BB5BF3E0-DD34-44D4-86FB-F336BB4720CA}.OSX|x86.ActiveCfg = Release|x86
		{BB5BF3E0-DD34-44D4-86FB-F336BB4720CA}.OSX|x86.Build.0 = Release|x86
		{BB5BF3E0-DD34-44D4-86FB-F336BB4720CA}.PSM|Any CPU.ActiveCfg = Release|x86
		{BB5BF3E0-DD34-44D4-86FB-F336BB4720CA}.PSM|Mixed Platforms.ActiveCfg = Release|x86
		{BB5BF3E0-DD34-44D4-86FB-F336BB4720CA}.PSM|Mixed Platforms.Build.0 = Release|x86
		{BB5BF3E0-DD34-44D4-86FB-F336BB4720CA}.PSM|x64.ActiveCfg = Release|x86
		{BB5BF3E0-DD34-44D4-86FB-F336BB4720CA}.PSM|x86.ActiveCfg = Release|x86
		{BB5BF3E0-DD34-44D4-86FB-F336BB4720CA}.PSM|x86.Build.0 = Release|x86
		{BB5BF3E0-DD34-44D4-86FB-F336BB4720CA}.Release|Any CPU.ActiveCfg = Release|x86
		{BB5BF3E0-DD34-44D4-86FB-F336BB4720CA}.Release|Mixed Platforms.ActiveCfg = Release|x86
		{BB5BF3E0-DD34-44D4-86FB-F336BB4720CA}.Release|Mixed Platforms.Build.0 = Release|x86
		{BB5BF3E0-DD34-44D4-86FB-F336BB4720CA}.Release|x64.ActiveCfg = Release|x86
		{BB5BF3E0-DD34-44D4-86FB-F336BB4720CA}.Release|x86.ActiveCfg = Release|x86
		{BB5BF3E0-DD34-44D4-86FB-F336BB4720CA}.Release|x86.Build.0 = Release|x86
		{BB5BF3E0-DD34-44D4-86FB-F336BB4720CA}.Windows|Any CPU.ActiveCfg = Release|x86
		{BB5BF3E0-DD34-44D4-86FB-F336BB4720CA}.Windows|Mixed Platforms.ActiveCfg = Release|x86
		{BB5BF3E0-DD34-44D4-86FB-F336BB4720CA}.Windows|Mixed Platforms.Build.0 = Release|x86
		{BB5BF3E0-DD34-44D4-86FB-F336BB4720CA}.Windows|x64.ActiveCfg = Release|x86
		{BB5BF3E0-DD34-44D4-86FB-F336BB4720CA}.Windows|x86.ActiveCfg = Release|x86
		{BB5BF3E0-DD34-44D4-86FB-F336BB4720CA}.Windows|x86.Build.0 = Release|x86
		{BB5BF3E0-DD34-44D4-86FB-F336BB4720CA}.Windows8|Any CPU.ActiveCfg = Release|x86
		{BB5BF3E0-DD34-44D4-86FB-F336BB4720CA}.Windows8|Mixed Platforms.ActiveCfg = Release|x86
		{BB5BF3E0-DD34-44D4-86FB-F336BB4720CA}.Windows8|Mixed Platforms.Build.0 = Release|x86
		{BB5BF3E0-DD34-44D4-86FB-F336BB4720CA}.Windows8|x64.ActiveCfg = Release|x86
		{BB5BF3E0-DD34-44D4-86FB-F336BB4720CA}.Windows8|x86.ActiveCfg = Release|x86
		{BB5BF3E0-DD34-44D4-86FB-F336BB4720CA}.Windows8|x86.Build.0 = Release|x86
		{C0D52C9F-14B8-4008-8DDC-109C27561A5C}.Android|Any CPU.ActiveCfg = Release|Any CPU
		{C0D52C9F-14B8-4008-8DDC-109C27561A5C}.Android|Any CPU.Build.0 = Release|Any CPU
		{C0D52C9F-14B8-4008-8DDC-109C27561A5C}.Android|Mixed Platforms.ActiveCfg = Release|Any CPU
		{C0D52C9F-14B8-4008-8DDC-109C27561A5C}.Android|Mixed Platforms.Build.0 = Release|Any CPU
		{C0D52C9F-14B8-4008-8DDC-109C27561A5C}.Android|x64.ActiveCfg = Release|Any CPU
		{C0D52C9F-14B8-4008-8DDC-109C27561A5C}.Android|x86.ActiveCfg = Release|Any CPU
		{C0D52C9F-14B8-4008-8DDC-109C27561A5C}.Debug|Any CPU.ActiveCfg = Debug|Any CPU
		{C0D52C9F-14B8-4008-8DDC-109C27561A5C}.Debug|Any CPU.Build.0 = Debug|Any CPU
		{C0D52C9F-14B8-4008-8DDC-109C27561A5C}.Debug|Mixed Platforms.ActiveCfg = Debug|Any CPU
		{C0D52C9F-14B8-4008-8DDC-109C27561A5C}.Debug|Mixed Platforms.Build.0 = Debug|Any CPU
		{C0D52C9F-14B8-4008-8DDC-109C27561A5C}.Debug|x64.ActiveCfg = Debug|Any CPU
		{C0D52C9F-14B8-4008-8DDC-109C27561A5C}.Debug|x64.Build.0 = Debug|Any CPU
		{C0D52C9F-14B8-4008-8DDC-109C27561A5C}.Debug|x86.ActiveCfg = Debug|x86
		{C0D52C9F-14B8-4008-8DDC-109C27561A5C}.Debug|x86.Build.0 = Debug|x86
		{C0D52C9F-14B8-4008-8DDC-109C27561A5C}.iOS|Any CPU.ActiveCfg = Release|Any CPU
		{C0D52C9F-14B8-4008-8DDC-109C27561A5C}.iOS|Any CPU.Build.0 = Release|Any CPU
		{C0D52C9F-14B8-4008-8DDC-109C27561A5C}.iOS|Mixed Platforms.ActiveCfg = Release|Any CPU
		{C0D52C9F-14B8-4008-8DDC-109C27561A5C}.iOS|Mixed Platforms.Build.0 = Release|Any CPU
		{C0D52C9F-14B8-4008-8DDC-109C27561A5C}.iOS|x64.ActiveCfg = Release|Any CPU
		{C0D52C9F-14B8-4008-8DDC-109C27561A5C}.iOS|x86.ActiveCfg = Release|Any CPU
		{C0D52C9F-14B8-4008-8DDC-109C27561A5C}.Linux|Any CPU.ActiveCfg = Release|Any CPU
		{C0D52C9F-14B8-4008-8DDC-109C27561A5C}.Linux|Any CPU.Build.0 = Release|Any CPU
		{C0D52C9F-14B8-4008-8DDC-109C27561A5C}.Linux|Mixed Platforms.ActiveCfg = Release|Any CPU
		{C0D52C9F-14B8-4008-8DDC-109C27561A5C}.Linux|Mixed Platforms.Build.0 = Release|Any CPU
		{C0D52C9F-14B8-4008-8DDC-109C27561A5C}.Linux|x64.ActiveCfg = Release|Any CPU
		{C0D52C9F-14B8-4008-8DDC-109C27561A5C}.Linux|x86.ActiveCfg = Release|Any CPU
		{C0D52C9F-14B8-4008-8DDC-109C27561A5C}.OSX|Any CPU.ActiveCfg = Release|Any CPU
		{C0D52C9F-14B8-4008-8DDC-109C27561A5C}.OSX|Any CPU.Build.0 = Release|Any CPU
		{C0D52C9F-14B8-4008-8DDC-109C27561A5C}.OSX|Mixed Platforms.ActiveCfg = Release|Any CPU
		{C0D52C9F-14B8-4008-8DDC-109C27561A5C}.OSX|Mixed Platforms.Build.0 = Release|Any CPU
		{C0D52C9F-14B8-4008-8DDC-109C27561A5C}.OSX|x64.ActiveCfg = Release|Any CPU
		{C0D52C9F-14B8-4008-8DDC-109C27561A5C}.OSX|x86.ActiveCfg = Release|Any CPU
		{C0D52C9F-14B8-4008-8DDC-109C27561A5C}.PSM|Any CPU.ActiveCfg = Release|Any CPU
		{C0D52C9F-14B8-4008-8DDC-109C27561A5C}.PSM|Any CPU.Build.0 = Release|Any CPU
		{C0D52C9F-14B8-4008-8DDC-109C27561A5C}.PSM|Mixed Platforms.ActiveCfg = Release|Any CPU
		{C0D52C9F-14B8-4008-8DDC-109C27561A5C}.PSM|Mixed Platforms.Build.0 = Release|Any CPU
		{C0D52C9F-14B8-4008-8DDC-109C27561A5C}.PSM|x64.ActiveCfg = Release|Any CPU
		{C0D52C9F-14B8-4008-8DDC-109C27561A5C}.PSM|x86.ActiveCfg = Release|Any CPU
		{C0D52C9F-14B8-4008-8DDC-109C27561A5C}.Release|Any CPU.ActiveCfg = Release|Any CPU
		{C0D52C9F-14B8-4008-8DDC-109C27561A5C}.Release|Any CPU.Build.0 = Release|Any CPU
		{C0D52C9F-14B8-4008-8DDC-109C27561A5C}.Release|Mixed Platforms.ActiveCfg = Release|Any CPU
		{C0D52C9F-14B8-4008-8DDC-109C27561A5C}.Release|Mixed Platforms.Build.0 = Release|Any CPU
		{C0D52C9F-14B8-4008-8DDC-109C27561A5C}.Release|x64.ActiveCfg = Release|x64
		{C0D52C9F-14B8-4008-8DDC-109C27561A5C}.Release|x64.Build.0 = Release|x64
		{C0D52C9F-14B8-4008-8DDC-109C27561A5C}.Release|x86.ActiveCfg = Release|x86
		{C0D52C9F-14B8-4008-8DDC-109C27561A5C}.Release|x86.Build.0 = Release|x86
		{C0D52C9F-14B8-4008-8DDC-109C27561A5C}.Windows|Any CPU.ActiveCfg = Release|Any CPU
		{C0D52C9F-14B8-4008-8DDC-109C27561A5C}.Windows|Any CPU.Build.0 = Release|Any CPU
		{C0D52C9F-14B8-4008-8DDC-109C27561A5C}.Windows|Mixed Platforms.ActiveCfg = Release|Any CPU
		{C0D52C9F-14B8-4008-8DDC-109C27561A5C}.Windows|Mixed Platforms.Build.0 = Release|Any CPU
		{C0D52C9F-14B8-4008-8DDC-109C27561A5C}.Windows|x64.ActiveCfg = Release|Any CPU
		{C0D52C9F-14B8-4008-8DDC-109C27561A5C}.Windows|x86.ActiveCfg = Release|Any CPU
		{C0D52C9F-14B8-4008-8DDC-109C27561A5C}.Windows8|Any CPU.ActiveCfg = Release|Any CPU
		{C0D52C9F-14B8-4008-8DDC-109C27561A5C}.Windows8|Any CPU.Build.0 = Release|Any CPU
		{C0D52C9F-14B8-4008-8DDC-109C27561A5C}.Windows8|Mixed Platforms.ActiveCfg = Release|Any CPU
		{C0D52C9F-14B8-4008-8DDC-109C27561A5C}.Windows8|Mixed Platforms.Build.0 = Release|Any CPU
		{C0D52C9F-14B8-4008-8DDC-109C27561A5C}.Windows8|x64.ActiveCfg = Release|Any CPU
		{C0D52C9F-14B8-4008-8DDC-109C27561A5C}.Windows8|x86.ActiveCfg = Release|Any CPU
		{34853DEA-43A6-4F2F-A379-D1EE04D256D2}.Android|Any CPU.ActiveCfg = Release|x86
		{34853DEA-43A6-4F2F-A379-D1EE04D256D2}.Android|Mixed Platforms.ActiveCfg = Release|x86
		{34853DEA-43A6-4F2F-A379-D1EE04D256D2}.Android|Mixed Platforms.Build.0 = Release|x86
		{34853DEA-43A6-4F2F-A379-D1EE04D256D2}.Android|x64.ActiveCfg = Release|x86
		{34853DEA-43A6-4F2F-A379-D1EE04D256D2}.Android|x86.ActiveCfg = Release|x86
		{34853DEA-43A6-4F2F-A379-D1EE04D256D2}.Android|x86.Build.0 = Release|x86
		{34853DEA-43A6-4F2F-A379-D1EE04D256D2}.Debug|Any CPU.ActiveCfg = Debug|Any CPU
		{34853DEA-43A6-4F2F-A379-D1EE04D256D2}.Debug|Any CPU.Build.0 = Debug|Any CPU
		{34853DEA-43A6-4F2F-A379-D1EE04D256D2}.Debug|Mixed Platforms.ActiveCfg = Debug|Any CPU
		{34853DEA-43A6-4F2F-A379-D1EE04D256D2}.Debug|Mixed Platforms.Build.0 = Debug|Any CPU
		{34853DEA-43A6-4F2F-A379-D1EE04D256D2}.Debug|x64.ActiveCfg = Debug|Any CPU
		{34853DEA-43A6-4F2F-A379-D1EE04D256D2}.Debug|x64.Build.0 = Debug|Any CPU
		{34853DEA-43A6-4F2F-A379-D1EE04D256D2}.Debug|x86.ActiveCfg = Debug|x86
		{34853DEA-43A6-4F2F-A379-D1EE04D256D2}.Debug|x86.Build.0 = Debug|x86
		{34853DEA-43A6-4F2F-A379-D1EE04D256D2}.iOS|Any CPU.ActiveCfg = Release|x86
		{34853DEA-43A6-4F2F-A379-D1EE04D256D2}.iOS|Mixed Platforms.ActiveCfg = Release|x86
		{34853DEA-43A6-4F2F-A379-D1EE04D256D2}.iOS|Mixed Platforms.Build.0 = Release|x86
		{34853DEA-43A6-4F2F-A379-D1EE04D256D2}.iOS|x64.ActiveCfg = Release|x86
		{34853DEA-43A6-4F2F-A379-D1EE04D256D2}.iOS|x86.ActiveCfg = Release|x86
		{34853DEA-43A6-4F2F-A379-D1EE04D256D2}.iOS|x86.Build.0 = Release|x86
		{34853DEA-43A6-4F2F-A379-D1EE04D256D2}.Linux|Any CPU.ActiveCfg = Release|x86
		{34853DEA-43A6-4F2F-A379-D1EE04D256D2}.Linux|Mixed Platforms.ActiveCfg = Release|x86
		{34853DEA-43A6-4F2F-A379-D1EE04D256D2}.Linux|Mixed Platforms.Build.0 = Release|x86
		{34853DEA-43A6-4F2F-A379-D1EE04D256D2}.Linux|x64.ActiveCfg = Release|x86
		{34853DEA-43A6-4F2F-A379-D1EE04D256D2}.Linux|x86.ActiveCfg = Release|x86
		{34853DEA-43A6-4F2F-A379-D1EE04D256D2}.Linux|x86.Build.0 = Release|x86
		{34853DEA-43A6-4F2F-A379-D1EE04D256D2}.OSX|Any CPU.ActiveCfg = Release|x86
		{34853DEA-43A6-4F2F-A379-D1EE04D256D2}.OSX|Mixed Platforms.ActiveCfg = Release|x86
		{34853DEA-43A6-4F2F-A379-D1EE04D256D2}.OSX|Mixed Platforms.Build.0 = Release|x86
		{34853DEA-43A6-4F2F-A379-D1EE04D256D2}.OSX|x64.ActiveCfg = Release|x86
		{34853DEA-43A6-4F2F-A379-D1EE04D256D2}.OSX|x86.ActiveCfg = Release|x86
		{34853DEA-43A6-4F2F-A379-D1EE04D256D2}.OSX|x86.Build.0 = Release|x86
		{34853DEA-43A6-4F2F-A379-D1EE04D256D2}.PSM|Any CPU.ActiveCfg = Release|x86
		{34853DEA-43A6-4F2F-A379-D1EE04D256D2}.PSM|Mixed Platforms.ActiveCfg = Release|x86
		{34853DEA-43A6-4F2F-A379-D1EE04D256D2}.PSM|Mixed Platforms.Build.0 = Release|x86
		{34853DEA-43A6-4F2F-A379-D1EE04D256D2}.PSM|x64.ActiveCfg = Release|x86
		{34853DEA-43A6-4F2F-A379-D1EE04D256D2}.PSM|x86.ActiveCfg = Release|x86
		{34853DEA-43A6-4F2F-A379-D1EE04D256D2}.PSM|x86.Build.0 = Release|x86
		{34853DEA-43A6-4F2F-A379-D1EE04D256D2}.Release|Any CPU.ActiveCfg = Release|Any CPU
		{34853DEA-43A6-4F2F-A379-D1EE04D256D2}.Release|Any CPU.Build.0 = Release|Any CPU
		{34853DEA-43A6-4F2F-A379-D1EE04D256D2}.Release|Mixed Platforms.ActiveCfg = Release|Any CPU
		{34853DEA-43A6-4F2F-A379-D1EE04D256D2}.Release|Mixed Platforms.Build.0 = Release|Any CPU
		{34853DEA-43A6-4F2F-A379-D1EE04D256D2}.Release|x64.ActiveCfg = Release|Any CPU
		{34853DEA-43A6-4F2F-A379-D1EE04D256D2}.Release|x86.ActiveCfg = Release|Any CPU
		{34853DEA-43A6-4F2F-A379-D1EE04D256D2}.Windows|Any CPU.ActiveCfg = Release|x86
		{34853DEA-43A6-4F2F-A379-D1EE04D256D2}.Windows|Mixed Platforms.ActiveCfg = Release|x86
		{34853DEA-43A6-4F2F-A379-D1EE04D256D2}.Windows|Mixed Platforms.Build.0 = Release|x86
		{34853DEA-43A6-4F2F-A379-D1EE04D256D2}.Windows|x64.ActiveCfg = Release|x86
		{34853DEA-43A6-4F2F-A379-D1EE04D256D2}.Windows|x86.ActiveCfg = Release|x86
		{34853DEA-43A6-4F2F-A379-D1EE04D256D2}.Windows|x86.Build.0 = Release|x86
		{34853DEA-43A6-4F2F-A379-D1EE04D256D2}.Windows8|Any CPU.ActiveCfg = Release|x86
		{34853DEA-43A6-4F2F-A379-D1EE04D256D2}.Windows8|Mixed Platforms.ActiveCfg = Release|x86
		{34853DEA-43A6-4F2F-A379-D1EE04D256D2}.Windows8|Mixed Platforms.Build.0 = Release|x86
		{34853DEA-43A6-4F2F-A379-D1EE04D256D2}.Windows8|x64.ActiveCfg = Release|x86
		{34853DEA-43A6-4F2F-A379-D1EE04D256D2}.Windows8|x86.ActiveCfg = Release|x86
		{34853DEA-43A6-4F2F-A379-D1EE04D256D2}.Windows8|x86.Build.0 = Release|x86
		{E969FD7C-E928-4C1A-B68F-ADF35048E93F}.Android|Any CPU.ActiveCfg = Release|x86
		{E969FD7C-E928-4C1A-B68F-ADF35048E93F}.Android|Mixed Platforms.ActiveCfg = Release|x86
		{E969FD7C-E928-4C1A-B68F-ADF35048E93F}.Android|Mixed Platforms.Build.0 = Release|x86
		{E969FD7C-E928-4C1A-B68F-ADF35048E93F}.Android|x64.ActiveCfg = Release|x86
		{E969FD7C-E928-4C1A-B68F-ADF35048E93F}.Android|x86.ActiveCfg = Release|x86
		{E969FD7C-E928-4C1A-B68F-ADF35048E93F}.Android|x86.Build.0 = Release|x86
		{E969FD7C-E928-4C1A-B68F-ADF35048E93F}.Debug|Any CPU.ActiveCfg = Debug|x86
		{E969FD7C-E928-4C1A-B68F-ADF35048E93F}.Debug|Mixed Platforms.ActiveCfg = Debug|x86
		{E969FD7C-E928-4C1A-B68F-ADF35048E93F}.Debug|Mixed Platforms.Build.0 = Debug|x86
		{E969FD7C-E928-4C1A-B68F-ADF35048E93F}.Debug|x64.ActiveCfg = Debug|x86
		{E969FD7C-E928-4C1A-B68F-ADF35048E93F}.Debug|x86.ActiveCfg = Debug|x86
		{E969FD7C-E928-4C1A-B68F-ADF35048E93F}.Debug|x86.Build.0 = Debug|x86
		{E969FD7C-E928-4C1A-B68F-ADF35048E93F}.iOS|Any CPU.ActiveCfg = Release|x86
		{E969FD7C-E928-4C1A-B68F-ADF35048E93F}.iOS|Mixed Platforms.ActiveCfg = Release|x86
		{E969FD7C-E928-4C1A-B68F-ADF35048E93F}.iOS|Mixed Platforms.Build.0 = Release|x86
		{E969FD7C-E928-4C1A-B68F-ADF35048E93F}.iOS|x64.ActiveCfg = Release|x86
		{E969FD7C-E928-4C1A-B68F-ADF35048E93F}.iOS|x86.ActiveCfg = Release|x86
		{E969FD7C-E928-4C1A-B68F-ADF35048E93F}.iOS|x86.Build.0 = Release|x86
		{E969FD7C-E928-4C1A-B68F-ADF35048E93F}.Linux|Any CPU.ActiveCfg = Release|x86
		{E969FD7C-E928-4C1A-B68F-ADF35048E93F}.Linux|Mixed Platforms.ActiveCfg = Release|x86
		{E969FD7C-E928-4C1A-B68F-ADF35048E93F}.Linux|Mixed Platforms.Build.0 = Release|x86
		{E969FD7C-E928-4C1A-B68F-ADF35048E93F}.Linux|x64.ActiveCfg = Release|x86
		{E969FD7C-E928-4C1A-B68F-ADF35048E93F}.Linux|x86.ActiveCfg = Release|x86
		{E969FD7C-E928-4C1A-B68F-ADF35048E93F}.Linux|x86.Build.0 = Release|x86
		{E969FD7C-E928-4C1A-B68F-ADF35048E93F}.OSX|Any CPU.ActiveCfg = Release|x86
		{E969FD7C-E928-4C1A-B68F-ADF35048E93F}.OSX|Mixed Platforms.ActiveCfg = Release|x86
		{E969FD7C-E928-4C1A-B68F-ADF35048E93F}.OSX|Mixed Platforms.Build.0 = Release|x86
		{E969FD7C-E928-4C1A-B68F-ADF35048E93F}.OSX|x64.ActiveCfg = Release|x86
		{E969FD7C-E928-4C1A-B68F-ADF35048E93F}.OSX|x86.ActiveCfg = Release|x86
		{E969FD7C-E928-4C1A-B68F-ADF35048E93F}.OSX|x86.Build.0 = Release|x86
		{E969FD7C-E928-4C1A-B68F-ADF35048E93F}.PSM|Any CPU.ActiveCfg = Release|x86
		{E969FD7C-E928-4C1A-B68F-ADF35048E93F}.PSM|Mixed Platforms.ActiveCfg = Release|x86
		{E969FD7C-E928-4C1A-B68F-ADF35048E93F}.PSM|Mixed Platforms.Build.0 = Release|x86
		{E969FD7C-E928-4C1A-B68F-ADF35048E93F}.PSM|x64.ActiveCfg = Release|x86
		{E969FD7C-E928-4C1A-B68F-ADF35048E93F}.PSM|x86.ActiveCfg = Release|x86
		{E969FD7C-E928-4C1A-B68F-ADF35048E93F}.PSM|x86.Build.0 = Release|x86
		{E969FD7C-E928-4C1A-B68F-ADF35048E93F}.Release|Any CPU.ActiveCfg = Release|x86
		{E969FD7C-E928-4C1A-B68F-ADF35048E93F}.Release|Mixed Platforms.ActiveCfg = Release|x86
		{E969FD7C-E928-4C1A-B68F-ADF35048E93F}.Release|Mixed Platforms.Build.0 = Release|x86
		{E969FD7C-E928-4C1A-B68F-ADF35048E93F}.Release|x64.ActiveCfg = Release|x86
		{E969FD7C-E928-4C1A-B68F-ADF35048E93F}.Release|x86.ActiveCfg = Release|x86
		{E969FD7C-E928-4C1A-B68F-ADF35048E93F}.Release|x86.Build.0 = Release|x86
		{E969FD7C-E928-4C1A-B68F-ADF35048E93F}.Windows|Any CPU.ActiveCfg = Release|x86
		{E969FD7C-E928-4C1A-B68F-ADF35048E93F}.Windows|Mixed Platforms.ActiveCfg = Release|x86
		{E969FD7C-E928-4C1A-B68F-ADF35048E93F}.Windows|Mixed Platforms.Build.0 = Release|x86
		{E969FD7C-E928-4C1A-B68F-ADF35048E93F}.Windows|x64.ActiveCfg = Release|x86
		{E969FD7C-E928-4C1A-B68F-ADF35048E93F}.Windows|x86.ActiveCfg = Release|x86
		{E969FD7C-E928-4C1A-B68F-ADF35048E93F}.Windows|x86.Build.0 = Release|x86
		{E969FD7C-E928-4C1A-B68F-ADF35048E93F}.Windows8|Any CPU.ActiveCfg = Release|x86
		{E969FD7C-E928-4C1A-B68F-ADF35048E93F}.Windows8|Mixed Platforms.ActiveCfg = Release|x86
		{E969FD7C-E928-4C1A-B68F-ADF35048E93F}.Windows8|Mixed Platforms.Build.0 = Release|x86
		{E969FD7C-E928-4C1A-B68F-ADF35048E93F}.Windows8|x64.ActiveCfg = Release|x86
		{E969FD7C-E928-4C1A-B68F-ADF35048E93F}.Windows8|x86.ActiveCfg = Release|x86
		{E969FD7C-E928-4C1A-B68F-ADF35048E93F}.Windows8|x86.Build.0 = Release|x86
		{0C1D7CB7-85B3-4208-B0AF-F15251A08C59}.Android|Any CPU.ActiveCfg = Release|x86
		{0C1D7CB7-85B3-4208-B0AF-F15251A08C59}.Android|Mixed Platforms.ActiveCfg = Release|x86
		{0C1D7CB7-85B3-4208-B0AF-F15251A08C59}.Android|Mixed Platforms.Build.0 = Release|x86
		{0C1D7CB7-85B3-4208-B0AF-F15251A08C59}.Android|x64.ActiveCfg = Release|x86
		{0C1D7CB7-85B3-4208-B0AF-F15251A08C59}.Android|x86.ActiveCfg = Release|x86
		{0C1D7CB7-85B3-4208-B0AF-F15251A08C59}.Android|x86.Build.0 = Release|x86
		{0C1D7CB7-85B3-4208-B0AF-F15251A08C59}.Debug|Any CPU.ActiveCfg = Debug|x86
		{0C1D7CB7-85B3-4208-B0AF-F15251A08C59}.Debug|Any CPU.Build.0 = Debug|x86
		{0C1D7CB7-85B3-4208-B0AF-F15251A08C59}.Debug|Mixed Platforms.ActiveCfg = Debug|x86
		{0C1D7CB7-85B3-4208-B0AF-F15251A08C59}.Debug|Mixed Platforms.Build.0 = Debug|x86
		{0C1D7CB7-85B3-4208-B0AF-F15251A08C59}.Debug|x64.ActiveCfg = Debug|x86
		{0C1D7CB7-85B3-4208-B0AF-F15251A08C59}.Debug|x86.ActiveCfg = Debug|x86
		{0C1D7CB7-85B3-4208-B0AF-F15251A08C59}.Debug|x86.Build.0 = Debug|x86
		{0C1D7CB7-85B3-4208-B0AF-F15251A08C59}.iOS|Any CPU.ActiveCfg = Release|x86
		{0C1D7CB7-85B3-4208-B0AF-F15251A08C59}.iOS|Mixed Platforms.ActiveCfg = Release|x86
		{0C1D7CB7-85B3-4208-B0AF-F15251A08C59}.iOS|Mixed Platforms.Build.0 = Release|x86
		{0C1D7CB7-85B3-4208-B0AF-F15251A08C59}.iOS|x64.ActiveCfg = Release|x86
		{0C1D7CB7-85B3-4208-B0AF-F15251A08C59}.iOS|x86.ActiveCfg = Release|x86
		{0C1D7CB7-85B3-4208-B0AF-F15251A08C59}.iOS|x86.Build.0 = Release|x86
		{0C1D7CB7-85B3-4208-B0AF-F15251A08C59}.Linux|Any CPU.ActiveCfg = Release|x86
		{0C1D7CB7-85B3-4208-B0AF-F15251A08C59}.Linux|Mixed Platforms.ActiveCfg = Release|x86
		{0C1D7CB7-85B3-4208-B0AF-F15251A08C59}.Linux|Mixed Platforms.Build.0 = Release|x86
		{0C1D7CB7-85B3-4208-B0AF-F15251A08C59}.Linux|x64.ActiveCfg = Release|x86
		{0C1D7CB7-85B3-4208-B0AF-F15251A08C59}.Linux|x86.ActiveCfg = Release|x86
		{0C1D7CB7-85B3-4208-B0AF-F15251A08C59}.Linux|x86.Build.0 = Release|x86
		{0C1D7CB7-85B3-4208-B0AF-F15251A08C59}.OSX|Any CPU.ActiveCfg = Release|x86
		{0C1D7CB7-85B3-4208-B0AF-F15251A08C59}.OSX|Mixed Platforms.ActiveCfg = Release|x86
		{0C1D7CB7-85B3-4208-B0AF-F15251A08C59}.OSX|Mixed Platforms.Build.0 = Release|x86
		{0C1D7CB7-85B3-4208-B0AF-F15251A08C59}.OSX|x64.ActiveCfg = Release|x86
		{0C1D7CB7-85B3-4208-B0AF-F15251A08C59}.OSX|x86.ActiveCfg = Release|x86
		{0C1D7CB7-85B3-4208-B0AF-F15251A08C59}.OSX|x86.Build.0 = Release|x86
		{0C1D7CB7-85B3-4208-B0AF-F15251A08C59}.PSM|Any CPU.ActiveCfg = Release|x86
		{0C1D7CB7-85B3-4208-B0AF-F15251A08C59}.PSM|Mixed Platforms.ActiveCfg = Release|x86
		{0C1D7CB7-85B3-4208-B0AF-F15251A08C59}.PSM|Mixed Platforms.Build.0 = Release|x86
		{0C1D7CB7-85B3-4208-B0AF-F15251A08C59}.PSM|x64.ActiveCfg = Release|x86
		{0C1D7CB7-85B3-4208-B0AF-F15251A08C59}.PSM|x86.ActiveCfg = Release|x86
		{0C1D7CB7-85B3-4208-B0AF-F15251A08C59}.PSM|x86.Build.0 = Release|x86
		{0C1D7CB7-85B3-4208-B0AF-F15251A08C59}.Release|Any CPU.ActiveCfg = Release|x86
		{0C1D7CB7-85B3-4208-B0AF-F15251A08C59}.Release|Mixed Platforms.ActiveCfg = Release|x86
		{0C1D7CB7-85B3-4208-B0AF-F15251A08C59}.Release|Mixed Platforms.Build.0 = Release|x86
		{0C1D7CB7-85B3-4208-B0AF-F15251A08C59}.Release|x64.ActiveCfg = Release|x86
		{0C1D7CB7-85B3-4208-B0AF-F15251A08C59}.Release|x86.ActiveCfg = Release|x86
		{0C1D7CB7-85B3-4208-B0AF-F15251A08C59}.Release|x86.Build.0 = Release|x86
		{0C1D7CB7-85B3-4208-B0AF-F15251A08C59}.Windows|Any CPU.ActiveCfg = Release|x86
		{0C1D7CB7-85B3-4208-B0AF-F15251A08C59}.Windows|Mixed Platforms.ActiveCfg = Release|x86
		{0C1D7CB7-85B3-4208-B0AF-F15251A08C59}.Windows|Mixed Platforms.Build.0 = Release|x86
		{0C1D7CB7-85B3-4208-B0AF-F15251A08C59}.Windows|x64.ActiveCfg = Release|x86
		{0C1D7CB7-85B3-4208-B0AF-F15251A08C59}.Windows|x86.ActiveCfg = Release|x86
		{0C1D7CB7-85B3-4208-B0AF-F15251A08C59}.Windows|x86.Build.0 = Release|x86
		{0C1D7CB7-85B3-4208-B0AF-F15251A08C59}.Windows8|Any CPU.ActiveCfg = Release|x86
		{0C1D7CB7-85B3-4208-B0AF-F15251A08C59}.Windows8|Mixed Platforms.ActiveCfg = Release|x86
		{0C1D7CB7-85B3-4208-B0AF-F15251A08C59}.Windows8|Mixed Platforms.Build.0 = Release|x86
		{0C1D7CB7-85B3-4208-B0AF-F15251A08C59}.Windows8|x64.ActiveCfg = Release|x86
		{0C1D7CB7-85B3-4208-B0AF-F15251A08C59}.Windows8|x86.ActiveCfg = Release|x86
		{0C1D7CB7-85B3-4208-B0AF-F15251A08C59}.Windows8|x86.Build.0 = Release|x86
	EndGlobalSection
	GlobalSection(SolutionProperties) = preSolution
		HideSolutionNode = FALSE
	EndGlobalSection
EndGlobal
