Microsoft Visual Studio Solution File, Format Version 11.00
# Visual Studio 2010
Project("{FAE04EC0-301F-11D3-BF4B-00C04F79EFBC}") = "BEPUphysicsDrawer", "BEPUphysicsDrawer\BEPUphysicsDrawer.csproj", "{A7931B1B-6BF4-43C5-B924-6AEB732243BA}"
EndProject
Project("{FAE04EC0-301F-11D3-BF4B-00C04F79EFBC}") = "BEPUphysicsDemos", "BEPUphysicsDemos\BEPUphysicsDemos\BEPUphysicsDemos.csproj", "{0D3EB325-A4DE-4009-852B-B92AEDB9503A}"
EndProject
Project("{FAE04EC0-301F-11D3-BF4B-00C04F79EFBC}") = "BEPUphysics", "BEPUphysics\BEPUphysics.csproj", "{2A9D2227-78D7-4804-B6D1-560BB43AE911}"
EndProject
Project("{FAE04EC0-301F-11D3-BF4B-00C04F79EFBC}") = "BEPUphysicsDemosContent", "BEPUphysicsDemos\BEPUphysicsDemosContent\BEPUphysicsDemosContent.contentproj", "{1D5E29E3-772E-419C-916C-0E755384B16A}"
EndProject
Project("{FAE04EC0-301F-11D3-BF4B-00C04F79EFBC}") = "Xbox 360 Copy of BEPUphysics", "BEPUphysics\Xbox 360 Copy of BEPUphysics.csproj", "{B71CDDD4-5A86-4C46-9403-E58157736D13}"
EndProject
Project("{FAE04EC0-301F-11D3-BF4B-00C04F79EFBC}") = "Xbox 360 Copy of BEPUphysicsDrawer", "BEPUphysicsDrawer\Xbox 360 Copy of BEPUphysicsDrawer.csproj", "{8A281807-5353-46C2-963E-3CFAF120AC83}"
EndProject
Project("{FAE04EC0-301F-11D3-BF4B-00C04F79EFBC}") = "Xbox 360 Copy of BEPUphysicsDemos", "BEPUphysicsDemos\BEPUphysicsDemos\Xbox 360 Copy of BEPUphysicsDemos.csproj", "{9807DF4D-99B6-4E1B-9F5C-DB698BE9F74F}"
EndProject
Project("{FAE04EC0-301F-11D3-BF4B-00C04F79EFBC}") = "Windows Phone Copy of BEPUphysics", "BEPUphysics\Windows Phone Copy of BEPUphysics.csproj", "{6F50645F-A329-4E50-BC28-8C3432B46198}"
EndProject
Global
	GlobalSection(SolutionConfigurationPlatforms) = preSolution
		Debug|Any CPU = Debug|Any CPU
		Debug|Mixed Platforms = Debug|Mixed Platforms
		Debug|Windows Phone = Debug|Windows Phone
		Debug|x86 = Debug|x86
		Debug|Xbox 360 = Debug|Xbox 360
		Release|Any CPU = Release|Any CPU
		Release|Mixed Platforms = Release|Mixed Platforms
		Release|Windows Phone = Release|Windows Phone
		Release|x86 = Release|x86
		Release|Xbox 360 = Release|Xbox 360
	EndGlobalSection
	GlobalSection(ProjectConfigurationPlatforms) = postSolution
		{A7931B1B-6BF4-43C5-B924-6AEB732243BA}.Debug|Any CPU.ActiveCfg = Debug|x86
		{A7931B1B-6BF4-43C5-B924-6AEB732243BA}.Debug|Mixed Platforms.ActiveCfg = Debug|x86
		{A7931B1B-6BF4-43C5-B924-6AEB732243BA}.Debug|Mixed Platforms.Build.0 = Debug|x86
		{A7931B1B-6BF4-43C5-B924-6AEB732243BA}.Debug|Windows Phone.ActiveCfg = Debug|x86
		{A7931B1B-6BF4-43C5-B924-6AEB732243BA}.Debug|x86.ActiveCfg = Debug|x86
		{A7931B1B-6BF4-43C5-B924-6AEB732243BA}.Debug|x86.Build.0 = Debug|x86
		{A7931B1B-6BF4-43C5-B924-6AEB732243BA}.Debug|Xbox 360.ActiveCfg = Debug|x86
		{A7931B1B-6BF4-43C5-B924-6AEB732243BA}.Release|Any CPU.ActiveCfg = Release|x86
		{A7931B1B-6BF4-43C5-B924-6AEB732243BA}.Release|Mixed Platforms.ActiveCfg = Release|x86
		{A7931B1B-6BF4-43C5-B924-6AEB732243BA}.Release|Mixed Platforms.Build.0 = Release|x86
		{A7931B1B-6BF4-43C5-B924-6AEB732243BA}.Release|Windows Phone.ActiveCfg = Release|x86
		{A7931B1B-6BF4-43C5-B924-6AEB732243BA}.Release|x86.ActiveCfg = Release|x86
		{A7931B1B-6BF4-43C5-B924-6AEB732243BA}.Release|x86.Build.0 = Release|x86
		{A7931B1B-6BF4-43C5-B924-6AEB732243BA}.Release|Xbox 360.ActiveCfg = Release|x86
		{0D3EB325-A4DE-4009-852B-B92AEDB9503A}.Debug|Any CPU.ActiveCfg = Debug|x86
		{0D3EB325-A4DE-4009-852B-B92AEDB9503A}.Debug|Mixed Platforms.ActiveCfg = Debug|x86
		{0D3EB325-A4DE-4009-852B-B92AEDB9503A}.Debug|Mixed Platforms.Build.0 = Debug|x86
		{0D3EB325-A4DE-4009-852B-B92AEDB9503A}.Debug|Windows Phone.ActiveCfg = Debug|x86
		{0D3EB325-A4DE-4009-852B-B92AEDB9503A}.Debug|x86.ActiveCfg = Debug|x86
		{0D3EB325-A4DE-4009-852B-B92AEDB9503A}.Debug|x86.Build.0 = Debug|x86
		{0D3EB325-A4DE-4009-852B-B92AEDB9503A}.Debug|Xbox 360.ActiveCfg = Debug|x86
		{0D3EB325-A4DE-4009-852B-B92AEDB9503A}.Release|Any CPU.ActiveCfg = Release|x86
		{0D3EB325-A4DE-4009-852B-B92AEDB9503A}.Release|Mixed Platforms.ActiveCfg = Release|x86
		{0D3EB325-A4DE-4009-852B-B92AEDB9503A}.Release|Mixed Platforms.Build.0 = Release|x86
		{0D3EB325-A4DE-4009-852B-B92AEDB9503A}.Release|Windows Phone.ActiveCfg = Release|x86
		{0D3EB325-A4DE-4009-852B-B92AEDB9503A}.Release|x86.ActiveCfg = Release|x86
		{0D3EB325-A4DE-4009-852B-B92AEDB9503A}.Release|x86.Build.0 = Release|x86
		{0D3EB325-A4DE-4009-852B-B92AEDB9503A}.Release|Xbox 360.ActiveCfg = Release|x86
		{2A9D2227-78D7-4804-B6D1-560BB43AE911}.Debug|Any CPU.ActiveCfg = Debug|x86
		{2A9D2227-78D7-4804-B6D1-560BB43AE911}.Debug|Mixed Platforms.ActiveCfg = Debug|x86
		{2A9D2227-78D7-4804-B6D1-560BB43AE911}.Debug|Mixed Platforms.Build.0 = Debug|x86
		{2A9D2227-78D7-4804-B6D1-560BB43AE911}.Debug|Windows Phone.ActiveCfg = Debug|x86
		{2A9D2227-78D7-4804-B6D1-560BB43AE911}.Debug|x86.ActiveCfg = Debug|x86
		{2A9D2227-78D7-4804-B6D1-560BB43AE911}.Debug|x86.Build.0 = Debug|x86
		{2A9D2227-78D7-4804-B6D1-560BB43AE911}.Debug|Xbox 360.ActiveCfg = Debug|x86
		{2A9D2227-78D7-4804-B6D1-560BB43AE911}.Release|Any CPU.ActiveCfg = Release|x86
		{2A9D2227-78D7-4804-B6D1-560BB43AE911}.Release|Mixed Platforms.ActiveCfg = Release|x86
		{2A9D2227-78D7-4804-B6D1-560BB43AE911}.Release|Mixed Platforms.Build.0 = Release|x86
		{2A9D2227-78D7-4804-B6D1-560BB43AE911}.Release|Windows Phone.ActiveCfg = Release|x86
		{2A9D2227-78D7-4804-B6D1-560BB43AE911}.Release|x86.ActiveCfg = Release|x86
		{2A9D2227-78D7-4804-B6D1-560BB43AE911}.Release|x86.Build.0 = Release|x86
		{2A9D2227-78D7-4804-B6D1-560BB43AE911}.Release|Xbox 360.ActiveCfg = Release|x86
		{1D5E29E3-772E-419C-916C-0E755384B16A}.Debug|Any CPU.ActiveCfg = Debug|Any CPU
		{1D5E29E3-772E-419C-916C-0E755384B16A}.Debug|Mixed Platforms.ActiveCfg = Debug|Any CPU
		{1D5E29E3-772E-419C-916C-0E755384B16A}.Debug|Windows Phone.ActiveCfg = Debug|Any CPU
		{1D5E29E3-772E-419C-916C-0E755384B16A}.Debug|x86.ActiveCfg = Debug|Any CPU
		{1D5E29E3-772E-419C-916C-0E755384B16A}.Debug|Xbox 360.ActiveCfg = Debug|Any CPU
		{1D5E29E3-772E-419C-916C-0E755384B16A}.Release|Any CPU.ActiveCfg = Debug|Any CPU
		{1D5E29E3-772E-419C-916C-0E755384B16A}.Release|Mixed Platforms.ActiveCfg = Debug|Any CPU
		{1D5E29E3-772E-419C-916C-0E755384B16A}.Release|Windows Phone.ActiveCfg = Debug|Any CPU
		{1D5E29E3-772E-419C-916C-0E755384B16A}.Release|x86.ActiveCfg = Debug|Any CPU
		{1D5E29E3-772E-419C-916C-0E755384B16A}.Release|Xbox 360.ActiveCfg = Debug|Any CPU
		{B71CDDD4-5A86-4C46-9403-E58157736D13}.Debug|Any CPU.ActiveCfg = Debug|Xbox 360
		{B71CDDD4-5A86-4C46-9403-E58157736D13}.Debug|Mixed Platforms.ActiveCfg = Debug|Xbox 360
		{B71CDDD4-5A86-4C46-9403-E58157736D13}.Debug|Mixed Platforms.Build.0 = Debug|Xbox 360
		{B71CDDD4-5A86-4C46-9403-E58157736D13}.Debug|Windows Phone.ActiveCfg = Debug|Xbox 360
		{B71CDDD4-5A86-4C46-9403-E58157736D13}.Debug|x86.ActiveCfg = Debug|Xbox 360
		{B71CDDD4-5A86-4C46-9403-E58157736D13}.Debug|Xbox 360.ActiveCfg = Debug|Xbox 360
		{B71CDDD4-5A86-4C46-9403-E58157736D13}.Debug|Xbox 360.Build.0 = Debug|Xbox 360
		{B71CDDD4-5A86-4C46-9403-E58157736D13}.Release|Any CPU.ActiveCfg = Release|Xbox 360
		{B71CDDD4-5A86-4C46-9403-E58157736D13}.Release|Mixed Platforms.ActiveCfg = Release|Xbox 360
		{B71CDDD4-5A86-4C46-9403-E58157736D13}.Release|Mixed Platforms.Build.0 = Release|Xbox 360
		{B71CDDD4-5A86-4C46-9403-E58157736D13}.Release|Windows Phone.ActiveCfg = Release|Xbox 360
		{B71CDDD4-5A86-4C46-9403-E58157736D13}.Release|x86.ActiveCfg = Release|Xbox 360
		{B71CDDD4-5A86-4C46-9403-E58157736D13}.Release|Xbox 360.ActiveCfg = Release|Xbox 360
		{B71CDDD4-5A86-4C46-9403-E58157736D13}.Release|Xbox 360.Build.0 = Release|Xbox 360
		{8A281807-5353-46C2-963E-3CFAF120AC83}.Debug|Any CPU.ActiveCfg = Debug|Xbox 360
		{8A281807-5353-46C2-963E-3CFAF120AC83}.Debug|Mixed Platforms.ActiveCfg = Debug|Xbox 360
		{8A281807-5353-46C2-963E-3CFAF120AC83}.Debug|Mixed Platforms.Build.0 = Debug|Xbox 360
		{8A281807-5353-46C2-963E-3CFAF120AC83}.Debug|Windows Phone.ActiveCfg = Debug|Xbox 360
		{8A281807-5353-46C2-963E-3CFAF120AC83}.Debug|x86.ActiveCfg = Debug|Xbox 360
		{8A281807-5353-46C2-963E-3CFAF120AC83}.Debug|Xbox 360.ActiveCfg = Debug|Xbox 360
		{8A281807-5353-46C2-963E-3CFAF120AC83}.Debug|Xbox 360.Build.0 = Debug|Xbox 360
		{8A281807-5353-46C2-963E-3CFAF120AC83}.Release|Any CPU.ActiveCfg = Release|Xbox 360
		{8A281807-5353-46C2-963E-3CFAF120AC83}.Release|Mixed Platforms.ActiveCfg = Release|Xbox 360
		{8A281807-5353-46C2-963E-3CFAF120AC83}.Release|Mixed Platforms.Build.0 = Release|Xbox 360
		{8A281807-5353-46C2-963E-3CFAF120AC83}.Release|Windows Phone.ActiveCfg = Release|Xbox 360
		{8A281807-5353-46C2-963E-3CFAF120AC83}.Release|x86.ActiveCfg = Release|Xbox 360
		{8A281807-5353-46C2-963E-3CFAF120AC83}.Release|Xbox 360.ActiveCfg = Release|Xbox 360
		{8A281807-5353-46C2-963E-3CFAF120AC83}.Release|Xbox 360.Build.0 = Release|Xbox 360
		{9807DF4D-99B6-4E1B-9F5C-DB698BE9F74F}.Debug|Any CPU.ActiveCfg = Debug|Xbox 360
		{9807DF4D-99B6-4E1B-9F5C-DB698BE9F74F}.Debug|Mixed Platforms.ActiveCfg = Debug|Xbox 360
		{9807DF4D-99B6-4E1B-9F5C-DB698BE9F74F}.Debug|Mixed Platforms.Build.0 = Debug|Xbox 360
		{9807DF4D-99B6-4E1B-9F5C-DB698BE9F74F}.Debug|Mixed Platforms.Deploy.0 = Debug|Xbox 360
		{9807DF4D-99B6-4E1B-9F5C-DB698BE9F74F}.Debug|Windows Phone.ActiveCfg = Debug|Xbox 360
		{9807DF4D-99B6-4E1B-9F5C-DB698BE9F74F}.Debug|x86.ActiveCfg = Debug|Xbox 360
		{9807DF4D-99B6-4E1B-9F5C-DB698BE9F74F}.Debug|Xbox 360.ActiveCfg = Debug|Xbox 360
		{9807DF4D-99B6-4E1B-9F5C-DB698BE9F74F}.Debug|Xbox 360.Build.0 = Debug|Xbox 360
		{9807DF4D-99B6-4E1B-9F5C-DB698BE9F74F}.Debug|Xbox 360.Deploy.0 = Debug|Xbox 360
		{9807DF4D-99B6-4E1B-9F5C-DB698BE9F74F}.Release|Any CPU.ActiveCfg = Release|Xbox 360
		{9807DF4D-99B6-4E1B-9F5C-DB698BE9F74F}.Release|Mixed Platforms.ActiveCfg = Release|Xbox 360
		{9807DF4D-99B6-4E1B-9F5C-DB698BE9F74F}.Release|Mixed Platforms.Build.0 = Release|Xbox 360
		{9807DF4D-99B6-4E1B-9F5C-DB698BE9F74F}.Release|Windows Phone.ActiveCfg = Release|Xbox 360
		{9807DF4D-99B6-4E1B-9F5C-DB698BE9F74F}.Release|x86.ActiveCfg = Release|Xbox 360
		{9807DF4D-99B6-4E1B-9F5C-DB698BE9F74F}.Release|Xbox 360.ActiveCfg = Release|Xbox 360
		{9807DF4D-99B6-4E1B-9F5C-DB698BE9F74F}.Release|Xbox 360.Build.0 = Release|Xbox 360
		{9807DF4D-99B6-4E1B-9F5C-DB698BE9F74F}.Release|Xbox 360.Deploy.0 = Release|Xbox 360
		{6F50645F-A329-4E50-BC28-8C3432B46198}.Debug|Any CPU.ActiveCfg = Debug|Windows Phone
		{6F50645F-A329-4E50-BC28-8C3432B46198}.Debug|Mixed Platforms.ActiveCfg = Debug|Windows Phone
		{6F50645F-A329-4E50-BC28-8C3432B46198}.Debug|Mixed Platforms.Build.0 = Debug|Windows Phone
		{6F50645F-A329-4E50-BC28-8C3432B46198}.Debug|Windows Phone.ActiveCfg = Debug|Windows Phone
		{6F50645F-A329-4E50-BC28-8C3432B46198}.Debug|Windows Phone.Build.0 = Debug|Windows Phone
		{6F50645F-A329-4E50-BC28-8C3432B46198}.Debug|x86.ActiveCfg = Debug|Windows Phone
		{6F50645F-A329-4E50-BC28-8C3432B46198}.Debug|Xbox 360.ActiveCfg = Debug|Windows Phone
		{6F50645F-A329-4E50-BC28-8C3432B46198}.Release|Any CPU.ActiveCfg = Release|Windows Phone
		{6F50645F-A329-4E50-BC28-8C3432B46198}.Release|Mixed Platforms.ActiveCfg = Release|Windows Phone
		{6F50645F-A329-4E50-BC28-8C3432B46198}.Release|Mixed Platforms.Build.0 = Release|Windows Phone
		{6F50645F-A329-4E50-BC28-8C3432B46198}.Release|Windows Phone.ActiveCfg = Release|Windows Phone
		{6F50645F-A329-4E50-BC28-8C3432B46198}.Release|Windows Phone.Build.0 = Release|Windows Phone
		{6F50645F-A329-4E50-BC28-8C3432B46198}.Release|x86.ActiveCfg = Release|Windows Phone
		{6F50645F-A329-4E50-BC28-8C3432B46198}.Release|Xbox 360.ActiveCfg = Release|Windows Phone
	EndGlobalSection
	GlobalSection(SolutionProperties) = preSolution
		HideSolutionNode = FALSE
	EndGlobalSection
EndGlobal
