
Microsoft Visual Studio Solution File, Format Version 11.00
# Visual Studio 2010
Project("{FAE04EC0-301F-11D3-BF4B-00C04F79EFBC}") = "BEPUphysics", "BEPUphysics\BEPUphysics.csproj", "{C0D52C9F-14B8-4008-8DDC-109C27561A5C}"
EndProject
Project("{FAE04EC0-301F-11D3-BF4B-00C04F79EFBC}") = "BEPUutilities", "BEPUutilities\BEPUutilities.csproj", "{34853DEA-43A6-4F2F-A379-D1EE04D256D2}"
EndProject
Project("{FAE04EC0-301F-11D3-BF4B-00C04F79EFBC}") = "BEPUutilities", "BEPUutilities\BEPUutilities.csproj", "{E3AAEB61-D7DF-4E7E-A75B-B5282D2FF3F5}"
EndProject
Project("{FAE04EC0-301F-11D3-BF4B-00C04F79EFBC}") = "Xbox 360 Copy of BEPUutilities", "BEPUutilities\Xbox 360 Copy of BEPUutilities.csproj", "{4D5235A2-55CD-49AF-8695-7BDE944B8487}"
EndProject
Project("{FAE04EC0-301F-11D3-BF4B-00C04F79EFBC}") = "Windows Phone Copy of BEPUutilities", "BEPUutilities\Windows Phone Copy of BEPUutilities.csproj", "{1DBB92E2-4E9C-41A2-A14D-C856BD9F982D}"
EndProject
Global
	GlobalSection(SolutionConfigurationPlatforms) = preSolution
		Debug|Any CPU = Debug|Any CPU
		Debug|Mixed Platforms = Debug|Mixed Platforms
		Debug|x64 = Debug|x64
		Debug|x86 = Debug|x86
		Release|Any CPU = Release|Any CPU
		Release|Mixed Platforms = Release|Mixed Platforms
		Release|x64 = Release|x64
		Release|x86 = Release|x86
	EndGlobalSection
	GlobalSection(ProjectConfigurationPlatforms) = postSolution
		{C0D52C9F-14B8-4008-8DDC-109C27561A5C}.Debug|Any CPU.ActiveCfg = Debug|Any CPU
		{C0D52C9F-14B8-4008-8DDC-109C27561A5C}.Debug|Any CPU.Build.0 = Debug|Any CPU
		{C0D52C9F-14B8-4008-8DDC-109C27561A5C}.Debug|Mixed Platforms.ActiveCfg = Debug|x64
		{C0D52C9F-14B8-4008-8DDC-109C27561A5C}.Debug|Mixed Platforms.Build.0 = Debug|x64
		{C0D52C9F-14B8-4008-8DDC-109C27561A5C}.Debug|x64.ActiveCfg = Debug|x64
		{C0D52C9F-14B8-4008-8DDC-109C27561A5C}.Debug|x64.Build.0 = Debug|x64
		{C0D52C9F-14B8-4008-8DDC-109C27561A5C}.Debug|x86.ActiveCfg = Debug|x86
		{C0D52C9F-14B8-4008-8DDC-109C27561A5C}.Debug|x86.Build.0 = Debug|x86
		{C0D52C9F-14B8-4008-8DDC-109C27561A5C}.Release|Any CPU.ActiveCfg = Release|Any CPU
		{C0D52C9F-14B8-4008-8DDC-109C27561A5C}.Release|Any CPU.Build.0 = Release|Any CPU
		{C0D52C9F-14B8-4008-8DDC-109C27561A5C}.Release|Mixed Platforms.ActiveCfg = Release|x64
		{C0D52C9F-14B8-4008-8DDC-109C27561A5C}.Release|Mixed Platforms.Build.0 = Release|x64
		{C0D52C9F-14B8-4008-8DDC-109C27561A5C}.Release|x64.ActiveCfg = Release|x64
		{C0D52C9F-14B8-4008-8DDC-109C27561A5C}.Release|x64.Build.0 = Release|x64
		{C0D52C9F-14B8-4008-8DDC-109C27561A5C}.Release|x86.ActiveCfg = Release|x86
		{C0D52C9F-14B8-4008-8DDC-109C27561A5C}.Release|x86.Build.0 = Release|x86
		{34853DEA-43A6-4F2F-A379-D1EE04D256D2}.Debug|Any CPU.ActiveCfg = Debug|Any CPU
		{34853DEA-43A6-4F2F-A379-D1EE04D256D2}.Debug|Any CPU.Build.0 = Debug|Any CPU
		{34853DEA-43A6-4F2F-A379-D1EE04D256D2}.Debug|Mixed Platforms.ActiveCfg = Debug|Any CPU
		{34853DEA-43A6-4F2F-A379-D1EE04D256D2}.Debug|Mixed Platforms.Build.0 = Debug|Any CPU
		{34853DEA-43A6-4F2F-A379-D1EE04D256D2}.Debug|x64.ActiveCfg = Debug|Any CPU
		{34853DEA-43A6-4F2F-A379-D1EE04D256D2}.Debug|x86.ActiveCfg = Debug|Any CPU
		{34853DEA-43A6-4F2F-A379-D1EE04D256D2}.Release|Any CPU.ActiveCfg = Release|Any CPU
		{34853DEA-43A6-4F2F-A379-D1EE04D256D2}.Release|Any CPU.Build.0 = Release|Any CPU
		{34853DEA-43A6-4F2F-A379-D1EE04D256D2}.Release|Mixed Platforms.ActiveCfg = Release|Any CPU
		{34853DEA-43A6-4F2F-A379-D1EE04D256D2}.Release|Mixed Platforms.Build.0 = Release|Any CPU
		{34853DEA-43A6-4F2F-A379-D1EE04D256D2}.Release|x64.ActiveCfg = Release|Any CPU
		{34853DEA-43A6-4F2F-A379-D1EE04D256D2}.Release|x86.ActiveCfg = Release|Any CPU
		{E3AAEB61-D7DF-4E7E-A75B-B5282D2FF3F5}.Debug|Any CPU.ActiveCfg = Debug|x86
		{E3AAEB61-D7DF-4E7E-A75B-B5282D2FF3F5}.Debug|Mixed Platforms.ActiveCfg = Debug|x86
		{E3AAEB61-D7DF-4E7E-A75B-B5282D2FF3F5}.Debug|Mixed Platforms.Build.0 = Debug|x86
		{E3AAEB61-D7DF-4E7E-A75B-B5282D2FF3F5}.Debug|Windows Phone.ActiveCfg = Debug|x86
		{E3AAEB61-D7DF-4E7E-A75B-B5282D2FF3F5}.Debug|x86.ActiveCfg = Debug|x86
		{E3AAEB61-D7DF-4E7E-A75B-B5282D2FF3F5}.Debug|x86.Build.0 = Debug|x86
		{E3AAEB61-D7DF-4E7E-A75B-B5282D2FF3F5}.Debug|Xbox 360.ActiveCfg = Debug|x86
		{E3AAEB61-D7DF-4E7E-A75B-B5282D2FF3F5}.Release|Any CPU.ActiveCfg = Release|x86
		{E3AAEB61-D7DF-4E7E-A75B-B5282D2FF3F5}.Release|Mixed Platforms.ActiveCfg = Release|x86
		{E3AAEB61-D7DF-4E7E-A75B-B5282D2FF3F5}.Release|Mixed Platforms.Build.0 = Release|x86
		{E3AAEB61-D7DF-4E7E-A75B-B5282D2FF3F5}.Release|Windows Phone.ActiveCfg = Release|x86
		{E3AAEB61-D7DF-4E7E-A75B-B5282D2FF3F5}.Release|x86.ActiveCfg = Release|x86
		{E3AAEB61-D7DF-4E7E-A75B-B5282D2FF3F5}.Release|x86.Build.0 = Release|x86
		{E3AAEB61-D7DF-4E7E-A75B-B5282D2FF3F5}.Release|Xbox 360.ActiveCfg = Release|x86
		{4D5235A2-55CD-49AF-8695-7BDE944B8487}.Debug|Any CPU.ActiveCfg = Debug|Xbox 360
		{4D5235A2-55CD-49AF-8695-7BDE944B8487}.Debug|Mixed Platforms.ActiveCfg = Debug|Xbox 360
		{4D5235A2-55CD-49AF-8695-7BDE944B8487}.Debug|Mixed Platforms.Build.0 = Debug|Xbox 360
		{4D5235A2-55CD-49AF-8695-7BDE944B8487}.Debug|Windows Phone.ActiveCfg = Debug|Xbox 360
		{4D5235A2-55CD-49AF-8695-7BDE944B8487}.Debug|x86.ActiveCfg = Debug|Xbox 360
		{4D5235A2-55CD-49AF-8695-7BDE944B8487}.Debug|Xbox 360.ActiveCfg = Debug|Xbox 360
		{4D5235A2-55CD-49AF-8695-7BDE944B8487}.Debug|Xbox 360.Build.0 = Debug|Xbox 360
		{4D5235A2-55CD-49AF-8695-7BDE944B8487}.Release|Any CPU.ActiveCfg = Release|Xbox 360
		{4D5235A2-55CD-49AF-8695-7BDE944B8487}.Release|Mixed Platforms.ActiveCfg = Release|Xbox 360
		{4D5235A2-55CD-49AF-8695-7BDE944B8487}.Release|Mixed Platforms.Build.0 = Release|Xbox 360
		{4D5235A2-55CD-49AF-8695-7BDE944B8487}.Release|Windows Phone.ActiveCfg = Release|Xbox 360
		{4D5235A2-55CD-49AF-8695-7BDE944B8487}.Release|x86.ActiveCfg = Release|Xbox 360
		{4D5235A2-55CD-49AF-8695-7BDE944B8487}.Release|Xbox 360.ActiveCfg = Release|Xbox 360
		{4D5235A2-55CD-49AF-8695-7BDE944B8487}.Release|Xbox 360.Build.0 = Release|Xbox 360
		{1DBB92E2-4E9C-41A2-A14D-C856BD9F982D}.Debug|Any CPU.ActiveCfg = Debug|Windows Phone
		{1DBB92E2-4E9C-41A2-A14D-C856BD9F982D}.Debug|Mixed Platforms.ActiveCfg = Debug|Windows Phone
		{1DBB92E2-4E9C-41A2-A14D-C856BD9F982D}.Debug|Mixed Platforms.Build.0 = Debug|Windows Phone
		{1DBB92E2-4E9C-41A2-A14D-C856BD9F982D}.Debug|Windows Phone.ActiveCfg = Debug|Windows Phone
		{1DBB92E2-4E9C-41A2-A14D-C856BD9F982D}.Debug|Windows Phone.Build.0 = Debug|Windows Phone
		{1DBB92E2-4E9C-41A2-A14D-C856BD9F982D}.Debug|x86.ActiveCfg = Debug|Windows Phone
		{1DBB92E2-4E9C-41A2-A14D-C856BD9F982D}.Debug|Xbox 360.ActiveCfg = Debug|Windows Phone
		{1DBB92E2-4E9C-41A2-A14D-C856BD9F982D}.Release|Any CPU.ActiveCfg = Release|Windows Phone
		{1DBB92E2-4E9C-41A2-A14D-C856BD9F982D}.Release|Mixed Platforms.ActiveCfg = Release|Windows Phone
		{1DBB92E2-4E9C-41A2-A14D-C856BD9F982D}.Release|Mixed Platforms.Build.0 = Release|Windows Phone
		{1DBB92E2-4E9C-41A2-A14D-C856BD9F982D}.Release|Windows Phone.ActiveCfg = Release|Windows Phone
		{1DBB92E2-4E9C-41A2-A14D-C856BD9F982D}.Release|Windows Phone.Build.0 = Release|Windows Phone
		{1DBB92E2-4E9C-41A2-A14D-C856BD9F982D}.Release|x86.ActiveCfg = Release|Windows Phone
		{1DBB92E2-4E9C-41A2-A14D-C856BD9F982D}.Release|Xbox 360.ActiveCfg = Release|Windows Phone
	EndGlobalSection
	GlobalSection(SolutionProperties) = preSolution
		HideSolutionNode = FALSE
	EndGlobalSection
EndGlobal
